{"format_version":"1.2","terraform_version":"1.9.6","variables":{"aws_region":{"value":"us-east-1"}},"planned_values":{"outputs":{"ec2_elastic_ip":{"sensitive":false,"type":"dynamic","value":null}},"root_module":{"resources":[{"address":"aws_eip.ip","mode":"managed","type":"aws_eip","name":"ip","provider_name":"registry.terraform.io/hashicorp/aws","schema_version":0,"values":{"address":null,"allocation_id":"eipalloc-0aa92d644c0ce5a0f","arn":"arn:aws:ec2:us-east-1:631737274131:elastic-ip/eipalloc-0aa92d644c0ce5a0f","associate_with_private_ip":null,"association_id":"eipassoc-01cd580b183a7eff8","carrier_ip":"","customer_owned_ip":"","customer_owned_ipv4_pool":"","domain":"vpc","id":"eipalloc-0aa92d644c0ce5a0f","instance":"i-0cf6bc99664648bdb","ipam_pool_id":null,"network_border_group":"us-east-1","network_interface":"eni-0769228995b3acbc6","private_dns":"ip-172-31-41-178.ec2.internal","private_ip":"172.31.41.178","ptr_record":"","public_dns":"ec2-34-233-118-112.compute-1.amazonaws.com","public_ip":"34.233.118.112","public_ipv4_pool":"amazon","tags":{},"tags_all":{},"timeouts":null,"vpc":true},"sensitive_values":{"tags":{},"tags_all":{}}},{"address":"aws_instance.example_a","mode":"managed","type":"aws_instance","name":"example_a","provider_name":"registry.terraform.io/hashicorp/aws","schema_version":1,"values":{"ami":"ami-01e3c4a339a264cc9","arn":"arn:aws:ec2:us-east-1:631737274131:instance/i-0cf6bc99664648bdb","associate_public_ip_address":true,"availability_zone":"us-east-1b","capacity_reservation_specification":[{"capacity_reservation_preference":"open","capacity_reservation_target":[]}],"cpu_core_count":1,"cpu_options":[{"amd_sev_snp":"","core_count":1,"threads_per_core":1}],"cpu_threads_per_core":1,"credit_specification":[{"cpu_credits":"standard"}],"disable_api_stop":false,"disable_api_termination":false,"ebs_block_device":[],"ebs_optimized":false,"enclave_options":[{"enabled":false}],"ephemeral_block_device":[],"get_password_data":false,"hibernation":false,"host_id":"","host_resource_group_arn":null,"iam_instance_profile":"","id":"i-0cf6bc99664648bdb","instance_initiated_shutdown_behavior":"stop","instance_lifecycle":"","instance_market_options":[],"instance_state":"running","instance_type":"t2.micro","ipv6_address_count":0,"ipv6_addresses":[],"key_name":"","launch_template":[],"maintenance_options":[{"auto_recovery":"default"}],"metadata_options":[{"http_endpoint":"enabled","http_protocol_ipv6":"disabled","http_put_response_hop_limit":1,"http_tokens":"optional","instance_metadata_tags":"disabled"}],"monitoring":false,"network_interface":[],"outpost_arn":"","password_data":"","placement_group":"","placement_partition_number":0,"primary_network_interface_id":"eni-0769228995b3acbc6","private_dns":"ip-172-31-41-178.ec2.internal","private_dns_name_options":[{"enable_resource_name_dns_a_record":false,"enable_resource_name_dns_aaaa_record":false,"hostname_type":"ip-name"}],"private_ip":"172.31.41.178","public_dns":"ec2-34-233-118-112.compute-1.amazonaws.com","public_ip":"34.233.118.112","root_block_device":[{"delete_on_termination":true,"device_name":"/dev/xvda","encrypted":false,"iops":100,"kms_key_id":"","tags":{},"tags_all":{},"throughput":0,"volume_id":"vol-032dffbd3a2325a60","volume_size":8,"volume_type":"gp2"}],"secondary_private_ips":[],"security_groups":["default"],"source_dest_check":true,"spot_instance_request_id":"","subnet_id":"subnet-06353f02ba9c31a67","tags":{},"tags_all":{},"tenancy":"default","timeouts":null,"user_data":null,"user_data_base64":null,"user_data_replace_on_change":false,"volume_tags":null,"vpc_security_group_ids":["sg-0d76fe892c5770115"]},"sensitive_values":{"capacity_reservation_specification":[{"capacity_reservation_target":[]}],"cpu_options":[{}],"credit_specification":[{}],"ebs_block_device":[],"enclave_options":[{}],"ephemeral_block_device":[],"instance_market_options":[],"ipv6_addresses":[],"launch_template":[],"maintenance_options":[{}],"metadata_options":[{}],"network_interface":[],"private_dns_name_options":[{}],"root_block_device":[{"tags":{},"tags_all":{}}],"secondary_private_ips":[],"security_groups":[false],"tags":{},"tags_all":{},"vpc_security_group_ids":[false]}},{"address":"aws_instance.example_b","mode":"managed","type":"aws_instance","name":"example_b","provider_name":"registry.terraform.io/hashicorp/aws","schema_version":1,"values":{"ami":"ami-01e3c4a339a264cc9","arn":"arn:aws:ec2:us-east-1:631737274131:instance/i-02c315e9c0bdbea8b","associate_public_ip_address":true,"availability_zone":"us-east-1b","capacity_reservation_specification":[{"capacity_reservation_preference":"open","capacity_reservation_target":[]}],"cpu_core_count":1,"cpu_options":[{"amd_sev_snp":"","core_count":1,"threads_per_core":1}],"cpu_threads_per_core":1,"credit_specification":[{"cpu_credits":"standard"}],"disable_api_stop":false,"disable_api_termination":false,"ebs_block_device":[],"ebs_optimized":false,"enclave_options":[{"enabled":false}],"ephemeral_block_device":[],"get_password_data":false,"hibernation":false,"host_id":"","host_resource_group_arn":null,"iam_instance_profile":"","id":"i-02c315e9c0bdbea8b","instance_initiated_shutdown_behavior":"stop","instance_lifecycle":"","instance_market_options":[],"instance_state":"running","instance_type":"t2.micro","ipv6_address_count":0,"ipv6_addresses":[],"key_name":"","launch_template":[],"maintenance_options":[{"auto_recovery":"default"}],"metadata_options":[{"http_endpoint":"enabled","http_protocol_ipv6":"disabled","http_put_response_hop_limit":1,"http_tokens":"optional","instance_metadata_tags":"disabled"}],"monitoring":false,"network_interface":[],"outpost_arn":"","password_data":"","placement_group":"","placement_partition_number":0,"primary_network_interface_id":"eni-0da607855120b3fb2","private_dns":"ip-172-31-35-159.ec2.internal","private_dns_name_options":[{"enable_resource_name_dns_a_record":false,"enable_resource_name_dns_aaaa_record":false,"hostname_type":"ip-name"}],"private_ip":"172.31.35.159","public_dns":"ec2-54-92-137-171.compute-1.amazonaws.com","public_ip":"54.92.137.171","root_block_device":[{"delete_on_termination":true,"device_name":"/dev/xvda","encrypted":false,"iops":100,"kms_key_id":"","tags":{},"tags_all":{},"throughput":0,"volume_id":"vol-0384fe9a04198fa43","volume_size":8,"volume_type":"gp2"}],"secondary_private_ips":[],"security_groups":["default"],"source_dest_check":true,"spot_instance_request_id":"","subnet_id":"subnet-06353f02ba9c31a67","tags":{},"tags_all":{},"tenancy":"default","timeouts":null,"user_data":null,"user_data_base64":null,"user_data_replace_on_change":false,"volume_tags":null,"vpc_security_group_ids":["sg-0d76fe892c5770115"]},"sensitive_values":{"capacity_reservation_specification":[{"capacity_reservation_target":[]}],"cpu_options":[{}],"credit_specification":[{}],"ebs_block_device":[],"enclave_options":[{}],"ephemeral_block_device":[],"instance_market_options":[],"ipv6_addresses":[],"launch_template":[],"maintenance_options":[{}],"metadata_options":[{}],"network_interface":[],"private_dns_name_options":[{}],"root_block_device":[{"tags":{},"tags_all":{}}],"secondary_private_ips":[],"security_groups":[false],"tags":{},"tags_all":{},"vpc_security_group_ids":[false]}},{"address":"aws_instance.example_c","mode":"managed","type":"aws_instance","name":"example_c","provider_name":"registry.terraform.io/hashicorp/aws","schema_version":1,"values":{"ami":"ami-01e3c4a339a264cc9","credit_specification":[],"get_password_data":false,"hibernation":null,"instance_type":"t2.micro","launch_template":[],"source_dest_check":true,"tags":null,"timeouts":null,"user_data_replace_on_change":false,"volume_tags":null},"sensitive_values":{"capacity_reservation_specification":[],"cpu_options":[],"credit_specification":[],"ebs_block_device":[],"enclave_options":[],"ephemeral_block_device":[],"instance_market_options":[],"ipv6_addresses":[],"launch_template":[],"maintenance_options":[],"metadata_options":[],"network_interface":[],"private_dns_name_options":[],"root_block_device":[],"secondary_private_ips":[],"security_groups":[],"tags_all":{},"vpc_security_group_ids":[]}},{"address":"aws_s3_bucket.example","mode":"managed","type":"aws_s3_bucket","name":"example","provider_name":"registry.terraform.io/hashicorp/aws","schema_version":0,"values":{"force_destroy":false,"tags":null,"timeouts":null},"sensitive_values":{"cors_rule":[],"grant":[],"lifecycle_rule":[],"logging":[],"object_lock_configuration":[],"replication_configuration":[],"server_side_encryption_configuration":[],"tags_all":{},"versioning":[],"website":[]}}],"child_modules":[{"resources":[{"address":"module.example_sqs_queue.aws_sqs_queue.this[0]","mode":"managed","type":"aws_sqs_queue","name":"this","index":0,"provider_name":"registry.terraform.io/hashicorp/aws","schema_version":0,"values":{"content_based_deduplication":false,"delay_seconds":0,"fifo_queue":false,"kms_master_key_id":null,"max_message_size":262144,"message_retention_seconds":345600,"receive_wait_time_seconds":0,"sqs_managed_sse_enabled":true,"tags":null,"visibility_timeout_seconds":30},"sensitive_values":{"tags_all":{}}},{"address":"module.example_sqs_queue.data.aws_caller_identity.current","mode":"data","type":"aws_caller_identity","name":"current","provider_name":"registry.terraform.io/hashicorp/aws","schema_version":0,"sensitive_values":{}},{"address":"module.example_sqs_queue.data.aws_region.current","mode":"data","type":"aws_region","name":"current","provider_name":"registry.terraform.io/hashicorp/aws","schema_version":0,"sensitive_values":{}}],"address":"module.example_sqs_queue"}]}},"resource_drift":[{"address":"aws_eip.ip","mode":"managed","type":"aws_eip","name":"ip","provider_name":"registry.terraform.io/hashicorp/aws","change":{"actions":["update"],"before":{"address":null,"allocation_id":"eipalloc-0aa92d644c0ce5a0f","arn":"arn:aws:ec2:us-east-1:631737274131:elastic-ip/eipalloc-0aa92d644c0ce5a0f","associate_with_private_ip":null,"association_id":"eipassoc-01cd580b183a7eff8","carrier_ip":"","customer_owned_ip":"","customer_owned_ipv4_pool":"","domain":"vpc","id":"eipalloc-0aa92d644c0ce5a0f","instance":"i-0cf6bc99664648bdb","ipam_pool_id":null,"network_border_group":"us-east-1","network_interface":"eni-0769228995b3acbc6","private_dns":"ip-172-31-41-178.ec2.internal","private_ip":"172.31.41.178","ptr_record":"","public_dns":"ec2-34-233-118-112.compute-1.amazonaws.com","public_ip":"34.233.118.112","public_ipv4_pool":"amazon","tags":null,"tags_all":{},"timeouts":null,"vpc":true},"after":{"address":null,"allocation_id":"eipalloc-0aa92d644c0ce5a0f","arn":"arn:aws:ec2:us-east-1:631737274131:elastic-ip/eipalloc-0aa92d644c0ce5a0f","associate_with_private_ip":null,"association_id":"eipassoc-01cd580b183a7eff8","carrier_ip":"","customer_owned_ip":"","customer_owned_ipv4_pool":"","domain":"vpc","id":"eipalloc-0aa92d644c0ce5a0f","instance":"i-0cf6bc99664648bdb","ipam_pool_id":null,"network_border_group":"us-east-1","network_interface":"eni-0769228995b3acbc6","private_dns":"ip-172-31-41-178.ec2.internal","private_ip":"172.31.41.178","ptr_record":"","public_dns":"ec2-34-233-118-112.compute-1.amazonaws.com","public_ip":"34.233.118.112","public_ipv4_pool":"amazon","tags":{},"tags_all":{},"timeouts":null,"vpc":true},"after_unknown":{},"before_sensitive":{"tags_all":{}},"after_sensitive":{"tags":{},"tags_all":{}}}},{"address":"aws_instance.example_a","mode":"managed","type":"aws_instance","name":"example_a","provider_name":"registry.terraform.io/hashicorp/aws","change":{"actions":["update"],"before":{"ami":"ami-01e3c4a339a264cc9","arn":"arn:aws:ec2:us-east-1:631737274131:instance/i-0cf6bc99664648bdb","associate_public_ip_address":true,"availability_zone":"us-east-1b","capacity_reservation_specification":[{"capacity_reservation_preference":"open","capacity_reservation_target":[]}],"cpu_core_count":1,"cpu_options":[{"amd_sev_snp":"","core_count":1,"threads_per_core":1}],"cpu_threads_per_core":1,"credit_specification":[{"cpu_credits":"standard"}],"disable_api_stop":false,"disable_api_termination":false,"ebs_block_device":[],"ebs_optimized":false,"enclave_options":[{"enabled":false}],"ephemeral_block_device":[],"get_password_data":false,"hibernation":false,"host_id":"","host_resource_group_arn":null,"iam_instance_profile":"","id":"i-0cf6bc99664648bdb","instance_initiated_shutdown_behavior":"stop","instance_lifecycle":"","instance_market_options":[],"instance_state":"running","instance_type":"t2.micro","ipv6_address_count":0,"ipv6_addresses":[],"key_name":"","launch_template":[],"maintenance_options":[{"auto_recovery":"default"}],"metadata_options":[{"http_endpoint":"enabled","http_protocol_ipv6":"disabled","http_put_response_hop_limit":1,"http_tokens":"optional","instance_metadata_tags":"disabled"}],"monitoring":false,"network_interface":[],"outpost_arn":"","password_data":"","placement_group":"","placement_partition_number":0,"primary_network_interface_id":"eni-0769228995b3acbc6","private_dns":"ip-172-31-41-178.ec2.internal","private_dns_name_options":[{"enable_resource_name_dns_a_record":false,"enable_resource_name_dns_aaaa_record":false,"hostname_type":"ip-name"}],"private_ip":"172.31.41.178","public_dns":"ec2-34-207-137-177.compute-1.amazonaws.com","public_ip":"34.207.137.177","root_block_device":[{"delete_on_termination":true,"device_name":"/dev/xvda","encrypted":false,"iops":100,"kms_key_id":"","tags":{},"tags_all":{},"throughput":0,"volume_id":"vol-032dffbd3a2325a60","volume_size":8,"volume_type":"gp2"}],"secondary_private_ips":[],"security_groups":["default"],"source_dest_check":true,"spot_instance_request_id":"","subnet_id":"subnet-06353f02ba9c31a67","tags":{},"tags_all":{},"tenancy":"default","timeouts":null,"user_data":null,"user_data_base64":null,"user_data_replace_on_change":false,"volume_tags":null,"vpc_security_group_ids":["sg-0d76fe892c5770115"]},"after":{"ami":"ami-01e3c4a339a264cc9","arn":"arn:aws:ec2:us-east-1:631737274131:instance/i-0cf6bc99664648bdb","associate_public_ip_address":true,"availability_zone":"us-east-1b","capacity_reservation_specification":[{"capacity_reservation_preference":"open","capacity_reservation_target":[]}],"cpu_core_count":1,"cpu_options":[{"amd_sev_snp":"","core_count":1,"threads_per_core":1}],"cpu_threads_per_core":1,"credit_specification":[{"cpu_credits":"standard"}],"disable_api_stop":false,"disable_api_termination":false,"ebs_block_device":[],"ebs_optimized":false,"enclave_options":[{"enabled":false}],"ephemeral_block_device":[],"get_password_data":false,"hibernation":false,"host_id":"","host_resource_group_arn":null,"iam_instance_profile":"","id":"i-0cf6bc99664648bdb","instance_initiated_shutdown_behavior":"stop","instance_lifecycle":"","instance_market_options":[],"instance_state":"running","instance_type":"t2.micro","ipv6_address_count":0,"ipv6_addresses":[],"key_name":"","launch_template":[],"maintenance_options":[{"auto_recovery":"default"}],"metadata_options":[{"http_endpoint":"enabled","http_protocol_ipv6":"disabled","http_put_response_hop_limit":1,"http_tokens":"optional","instance_metadata_tags":"disabled"}],"monitoring":false,"network_interface":[],"outpost_arn":"","password_data":"","placement_group":"","placement_partition_number":0,"primary_network_interface_id":"eni-0769228995b3acbc6","private_dns":"ip-172-31-41-178.ec2.internal","private_dns_name_options":[{"enable_resource_name_dns_a_record":false,"enable_resource_name_dns_aaaa_record":false,"hostname_type":"ip-name"}],"private_ip":"172.31.41.178","public_dns":"ec2-34-233-118-112.compute-1.amazonaws.com","public_ip":"34.233.118.112","root_block_device":[{"delete_on_termination":true,"device_name":"/dev/xvda","encrypted":false,"iops":100,"kms_key_id":"","tags":{},"tags_all":{},"throughput":0,"volume_id":"vol-032dffbd3a2325a60","volume_size":8,"volume_type":"gp2"}],"secondary_private_ips":[],"security_groups":["default"],"source_dest_check":true,"spot_instance_request_id":"","subnet_id":"subnet-06353f02ba9c31a67","tags":{},"tags_all":{},"tenancy":"default","timeouts":null,"user_data":null,"user_data_base64":null,"user_data_replace_on_change":false,"volume_tags":null,"vpc_security_group_ids":["sg-0d76fe892c5770115"]},"after_unknown":{},"before_sensitive":{"capacity_reservation_specification":[{"capacity_reservation_target":[]}],"cpu_options":[{}],"credit_specification":[{}],"ebs_block_device":[],"enclave_options":[{}],"ephemeral_block_device":[],"instance_market_options":[],"ipv6_addresses":[],"launch_template":[],"maintenance_options":[{}],"metadata_options":[{}],"network_interface":[],"private_dns_name_options":[{}],"root_block_device":[{"tags":{},"tags_all":{}}],"secondary_private_ips":[],"security_groups":[false],"tags":{},"tags_all":{},"vpc_security_group_ids":[false]},"after_sensitive":{"capacity_reservation_specification":[{"capacity_reservation_target":[]}],"cpu_options":[{}],"credit_specification":[{}],"ebs_block_device":[],"enclave_options":[{}],"ephemeral_block_device":[],"instance_market_options":[],"ipv6_addresses":[],"launch_template":[],"maintenance_options":[{}],"metadata_options":[{}],"network_interface":[],"private_dns_name_options":[{}],"root_block_device":[{"tags":{},"tags_all":{}}],"secondary_private_ips":[],"security_groups":[false],"tags":{},"tags_all":{},"vpc_security_group_ids":[false]}}}],"resource_changes":[{"address":"aws_eip.ip","mode":"managed","type":"aws_eip","name":"ip","provider_name":"registry.terraform.io/hashicorp/aws","change":{"actions":["no-op"],"before":{"address":null,"allocation_id":"eipalloc-0aa92d644c0ce5a0f","arn":"arn:aws:ec2:us-east-1:631737274131:elastic-ip/eipalloc-0aa92d644c0ce5a0f","associate_with_private_ip":null,"association_id":"eipassoc-01cd580b183a7eff8","carrier_ip":"","customer_owned_ip":"","customer_owned_ipv4_pool":"","domain":"vpc","id":"eipalloc-0aa92d644c0ce5a0f","instance":"i-0cf6bc99664648bdb","ipam_pool_id":null,"network_border_group":"us-east-1","network_interface":"eni-0769228995b3acbc6","private_dns":"ip-172-31-41-178.ec2.internal","private_ip":"172.31.41.178","ptr_record":"","public_dns":"ec2-34-233-118-112.compute-1.amazonaws.com","public_ip":"34.233.118.112","public_ipv4_pool":"amazon","tags":{},"tags_all":{},"timeouts":null,"vpc":true},"after":{"address":null,"allocation_id":"eipalloc-0aa92d644c0ce5a0f","arn":"arn:aws:ec2:us-east-1:631737274131:elastic-ip/eipalloc-0aa92d644c0ce5a0f","associate_with_private_ip":null,"association_id":"eipassoc-01cd580b183a7eff8","carrier_ip":"","customer_owned_ip":"","customer_owned_ipv4_pool":"","domain":"vpc","id":"eipalloc-0aa92d644c0ce5a0f","instance":"i-0cf6bc99664648bdb","ipam_pool_id":null,"network_border_group":"us-east-1","network_interface":"eni-0769228995b3acbc6","private_dns":"ip-172-31-41-178.ec2.internal","private_ip":"172.31.41.178","ptr_record":"","public_dns":"ec2-34-233-118-112.compute-1.amazonaws.com","public_ip":"34.233.118.112","public_ipv4_pool":"amazon","tags":{},"tags_all":{},"timeouts":null,"vpc":true},"after_unknown":{},"before_sensitive":{"tags":{},"tags_all":{}},"after_sensitive":{"tags":{},"tags_all":{}}}},{"address":"aws_instance.example_a","mode":"managed","type":"aws_instance","name":"example_a","provider_name":"registry.terraform.io/hashicorp/aws","change":{"actions":["no-op"],"before":{"ami":"ami-01e3c4a339a264cc9","arn":"arn:aws:ec2:us-east-1:631737274131:instance/i-0cf6bc99664648bdb","associate_public_ip_address":true,"availability_zone":"us-east-1b","capacity_reservation_specification":[{"capacity_reservation_preference":"open","capacity_reservation_target":[]}],"cpu_core_count":1,"cpu_options":[{"amd_sev_snp":"","core_count":1,"threads_per_core":1}],"cpu_threads_per_core":1,"credit_specification":[{"cpu_credits":"standard"}],"disable_api_stop":false,"disable_api_termination":false,"ebs_block_device":[],"ebs_optimized":false,"enclave_options":[{"enabled":false}],"ephemeral_block_device":[],"get_password_data":false,"hibernation":false,"host_id":"","host_resource_group_arn":null,"iam_instance_profile":"","id":"i-0cf6bc99664648bdb","instance_initiated_shutdown_behavior":"stop","instance_lifecycle":"","instance_market_options":[],"instance_state":"running","instance_type":"t2.micro","ipv6_address_count":0,"ipv6_addresses":[],"key_name":"","launch_template":[],"maintenance_options":[{"auto_recovery":"default"}],"metadata_options":[{"http_endpoint":"enabled","http_protocol_ipv6":"disabled","http_put_response_hop_limit":1,"http_tokens":"optional","instance_metadata_tags":"disabled"}],"monitoring":false,"network_interface":[],"outpost_arn":"","password_data":"","placement_group":"","placement_partition_number":0,"primary_network_interface_id":"eni-0769228995b3acbc6","private_dns":"ip-172-31-41-178.ec2.internal","private_dns_name_options":[{"enable_resource_name_dns_a_record":false,"enable_resource_name_dns_aaaa_record":false,"hostname_type":"ip-name"}],"private_ip":"172.31.41.178","public_dns":"ec2-34-233-118-112.compute-1.amazonaws.com","public_ip":"34.233.118.112","root_block_device":[{"delete_on_termination":true,"device_name":"/dev/xvda","encrypted":false,"iops":100,"kms_key_id":"","tags":{},"tags_all":{},"throughput":0,"volume_id":"vol-032dffbd3a2325a60","volume_size":8,"volume_type":"gp2"}],"secondary_private_ips":[],"security_groups":["default"],"source_dest_check":true,"spot_instance_request_id":"","subnet_id":"subnet-06353f02ba9c31a67","tags":{},"tags_all":{},"tenancy":"default","timeouts":null,"user_data":null,"user_data_base64":null,"user_data_replace_on_change":false,"volume_tags":null,"vpc_security_group_ids":["sg-0d76fe892c5770115"]},"after":{"ami":"ami-01e3c4a339a264cc9","arn":"arn:aws:ec2:us-east-1:631737274131:instance/i-0cf6bc99664648bdb","associate_public_ip_address":true,"availability_zone":"us-east-1b","capacity_reservation_specification":[{"capacity_reservation_preference":"open","capacity_reservation_target":[]}],"cpu_core_count":1,"cpu_options":[{"amd_sev_snp":"","core_count":1,"threads_per_core":1}],"cpu_threads_per_core":1,"credit_specification":[{"cpu_credits":"standard"}],"disable_api_stop":false,"disable_api_termination":false,"ebs_block_device":[],"ebs_optimized":false,"enclave_options":[{"enabled":false}],"ephemeral_block_device":[],"get_password_data":false,"hibernation":false,"host_id":"","host_resource_group_arn":null,"iam_instance_profile":"","id":"i-0cf6bc99664648bdb","instance_initiated_shutdown_behavior":"stop","instance_lifecycle":"","instance_market_options":[],"instance_state":"running","instance_type":"t2.micro","ipv6_address_count":0,"ipv6_addresses":[],"key_name":"","launch_template":[],"maintenance_options":[{"auto_recovery":"default"}],"metadata_options":[{"http_endpoint":"enabled","http_protocol_ipv6":"disabled","http_put_response_hop_limit":1,"http_tokens":"optional","instance_metadata_tags":"disabled"}],"monitoring":false,"network_interface":[],"outpost_arn":"","password_data":"","placement_group":"","placement_partition_number":0,"primary_network_interface_id":"eni-0769228995b3acbc6","private_dns":"ip-172-31-41-178.ec2.internal","private_dns_name_options":[{"enable_resource_name_dns_a_record":false,"enable_resource_name_dns_aaaa_record":false,"hostname_type":"ip-name"}],"private_ip":"172.31.41.178","public_dns":"ec2-34-233-118-112.compute-1.amazonaws.com","public_ip":"34.233.118.112","root_block_device":[{"delete_on_termination":true,"device_name":"/dev/xvda","encrypted":false,"iops":100,"kms_key_id":"","tags":{},"tags_all":{},"throughput":0,"volume_id":"vol-032dffbd3a2325a60","volume_size":8,"volume_type":"gp2"}],"secondary_private_ips":[],"security_groups":["default"],"source_dest_check":true,"spot_instance_request_id":"","subnet_id":"subnet-06353f02ba9c31a67","tags":{},"tags_all":{},"tenancy":"default","timeouts":null,"user_data":null,"user_data_base64":null,"user_data_replace_on_change":false,"volume_tags":null,"vpc_security_group_ids":["sg-0d76fe892c5770115"]},"after_unknown":{},"before_sensitive":{"capacity_reservation_specification":[{"capacity_reservation_target":[]}],"cpu_options":[{}],"credit_specification":[{}],"ebs_block_device":[],"enclave_options":[{}],"ephemeral_block_device":[],"instance_market_options":[],"ipv6_addresses":[],"launch_template":[],"maintenance_options":[{}],"metadata_options":[{}],"network_interface":[],"private_dns_name_options":[{}],"root_block_device":[{"tags":{},"tags_all":{}}],"secondary_private_ips":[],"security_groups":[false],"tags":{},"tags_all":{},"vpc_security_group_ids":[false]},"after_sensitive":{"capacity_reservation_specification":[{"capacity_reservation_target":[]}],"cpu_options":[{}],"credit_specification":[{}],"ebs_block_device":[],"enclave_options":[{}],"ephemeral_block_device":[],"instance_market_options":[],"ipv6_addresses":[],"launch_template":[],"maintenance_options":[{}],"metadata_options":[{}],"network_interface":[],"private_dns_name_options":[{}],"root_block_device":[{"tags":{},"tags_all":{}}],"secondary_private_ips":[],"security_groups":[false],"tags":{},"tags_all":{},"vpc_security_group_ids":[false]}}},{"address":"aws_instance.example_b","mode":"managed","type":"aws_instance","name":"example_b","provider_name":"registry.terraform.io/hashicorp/aws","change":{"actions":["no-op"],"before":{"ami":"ami-01e3c4a339a264cc9","arn":"arn:aws:ec2:us-east-1:631737274131:instance/i-02c315e9c0bdbea8b","associate_public_ip_address":true,"availability_zone":"us-east-1b","capacity_reservation_specification":[{"capacity_reservation_preference":"open","capacity_reservation_target":[]}],"cpu_core_count":1,"cpu_options":[{"amd_sev_snp":"","core_count":1,"threads_per_core":1}],"cpu_threads_per_core":1,"credit_specification":[{"cpu_credits":"standard"}],"disable_api_stop":false,"disable_api_termination":false,"ebs_block_device":[],"ebs_optimized":false,"enclave_options":[{"enabled":false}],"ephemeral_block_device":[],"get_password_data":false,"hibernation":false,"host_id":"","host_resource_group_arn":null,"iam_instance_profile":"","id":"i-02c315e9c0bdbea8b","instance_initiated_shutdown_behavior":"stop","instance_lifecycle":"","instance_market_options":[],"instance_state":"running","instance_type":"t2.micro","ipv6_address_count":0,"ipv6_addresses":[],"key_name":"","launch_template":[],"maintenance_options":[{"auto_recovery":"default"}],"metadata_options":[{"http_endpoint":"enabled","http_protocol_ipv6":"disabled","http_put_response_hop_limit":1,"http_tokens":"optional","instance_metadata_tags":"disabled"}],"monitoring":false,"network_interface":[],"outpost_arn":"","password_data":"","placement_group":"","placement_partition_number":0,"primary_network_interface_id":"eni-0da607855120b3fb2","private_dns":"ip-172-31-35-159.ec2.internal","private_dns_name_options":[{"enable_resource_name_dns_a_record":false,"enable_resource_name_dns_aaaa_record":false,"hostname_type":"ip-name"}],"private_ip":"172.31.35.159","public_dns":"ec2-54-92-137-171.compute-1.amazonaws.com","public_ip":"54.92.137.171","root_block_device":[{"delete_on_termination":true,"device_name":"/dev/xvda","encrypted":false,"iops":100,"kms_key_id":"","tags":{},"tags_all":{},"throughput":0,"volume_id":"vol-0384fe9a04198fa43","volume_size":8,"volume_type":"gp2"}],"secondary_private_ips":[],"security_groups":["default"],"source_dest_check":true,"spot_instance_request_id":"","subnet_id":"subnet-06353f02ba9c31a67","tags":{},"tags_all":{},"tenancy":"default","timeouts":null,"user_data":null,"user_data_base64":null,"user_data_replace_on_change":false,"volume_tags":null,"vpc_security_group_ids":["sg-0d76fe892c5770115"]},"after":{"ami":"ami-01e3c4a339a264cc9","arn":"arn:aws:ec2:us-east-1:631737274131:instance/i-02c315e9c0bdbea8b","associate_public_ip_address":true,"availability_zone":"us-east-1b","capacity_reservation_specification":[{"capacity_reservation_preference":"open","capacity_reservation_target":[]}],"cpu_core_count":1,"cpu_options":[{"amd_sev_snp":"","core_count":1,"threads_per_core":1}],"cpu_threads_per_core":1,"credit_specification":[{"cpu_credits":"standard"}],"disable_api_stop":false,"disable_api_termination":false,"ebs_block_device":[],"ebs_optimized":false,"enclave_options":[{"enabled":false}],"ephemeral_block_device":[],"get_password_data":false,"hibernation":false,"host_id":"","host_resource_group_arn":null,"iam_instance_profile":"","id":"i-02c315e9c0bdbea8b","instance_initiated_shutdown_behavior":"stop","instance_lifecycle":"","instance_market_options":[],"instance_state":"running","instance_type":"t2.micro","ipv6_address_count":0,"ipv6_addresses":[],"key_name":"","launch_template":[],"maintenance_options":[{"auto_recovery":"default"}],"metadata_options":[{"http_endpoint":"enabled","http_protocol_ipv6":"disabled","http_put_response_hop_limit":1,"http_tokens":"optional","instance_metadata_tags":"disabled"}],"monitoring":false,"network_interface":[],"outpost_arn":"","password_data":"","placement_group":"","placement_partition_number":0,"primary_network_interface_id":"eni-0da607855120b3fb2","private_dns":"ip-172-31-35-159.ec2.internal","private_dns_name_options":[{"enable_resource_name_dns_a_record":false,"enable_resource_name_dns_aaaa_record":false,"hostname_type":"ip-name"}],"private_ip":"172.31.35.159","public_dns":"ec2-54-92-137-171.compute-1.amazonaws.com","public_ip":"54.92.137.171","root_block_device":[{"delete_on_termination":true,"device_name":"/dev/xvda","encrypted":false,"iops":100,"kms_key_id":"","tags":{},"tags_all":{},"throughput":0,"volume_id":"vol-0384fe9a04198fa43","volume_size":8,"volume_type":"gp2"}],"secondary_private_ips":[],"security_groups":["default"],"source_dest_check":true,"spot_instance_request_id":"","subnet_id":"subnet-06353f02ba9c31a67","tags":{},"tags_all":{},"tenancy":"default","timeouts":null,"user_data":null,"user_data_base64":null,"user_data_replace_on_change":false,"volume_tags":null,"vpc_security_group_ids":["sg-0d76fe892c5770115"]},"after_unknown":{},"before_sensitive":{"capacity_reservation_specification":[{"capacity_reservation_target":[]}],"cpu_options":[{}],"credit_specification":[{}],"ebs_block_device":[],"enclave_options":[{}],"ephemeral_block_device":[],"instance_market_options":[],"ipv6_addresses":[],"launch_template":[],"maintenance_options":[{}],"metadata_options":[{}],"network_interface":[],"private_dns_name_options":[{}],"root_block_device":[{"tags":{},"tags_all":{}}],"secondary_private_ips":[],"security_groups":[false],"tags":{},"tags_all":{},"vpc_security_group_ids":[false]},"after_sensitive":{"capacity_reservation_specification":[{"capacity_reservation_target":[]}],"cpu_options":[{}],"credit_specification":[{}],"ebs_block_device":[],"enclave_options":[{}],"ephemeral_block_device":[],"instance_market_options":[],"ipv6_addresses":[],"launch_template":[],"maintenance_options":[{}],"metadata_options":[{}],"network_interface":[],"private_dns_name_options":[{}],"root_block_device":[{"tags":{},"tags_all":{}}],"secondary_private_ips":[],"security_groups":[false],"tags":{},"tags_all":{},"vpc_security_group_ids":[false]}}},{"address":"aws_instance.example_c","mode":"managed","type":"aws_instance","name":"example_c","provider_name":"registry.terraform.io/hashicorp/aws","change":{"actions":["create"],"before":null,"after":{"ami":"ami-01e3c4a339a264cc9","credit_specification":[],"get_password_data":false,"hibernation":null,"instance_type":"t2.micro","launch_template":[],"source_dest_check":true,"tags":null,"timeouts":null,"user_data_replace_on_change":false,"volume_tags":null},"after_unknown":{"arn":true,"associate_public_ip_address":true,"availability_zone":true,"capacity_reservation_specification":true,"cpu_core_count":true,"cpu_options":true,"cpu_threads_per_core":true,"credit_specification":[],"disable_api_stop":true,"disable_api_termination":true,"ebs_block_device":true,"ebs_optimized":true,"enclave_options":true,"ephemeral_block_device":true,"host_id":true,"host_resource_group_arn":true,"iam_instance_profile":true,"id":true,"instance_initiated_shutdown_behavior":true,"instance_lifecycle":true,"instance_market_options":true,"instance_state":true,"ipv6_address_count":true,"ipv6_addresses":true,"key_name":true,"launch_template":[],"maintenance_options":true,"metadata_options":true,"monitoring":true,"network_interface":true,"outpost_arn":true,"password_data":true,"placement_group":true,"placement_partition_number":true,"primary_network_interface_id":true,"private_dns":true,"private_dns_name_options":true,"private_ip":true,"public_dns":true,"public_ip":true,"root_block_device":true,"secondary_private_ips":true,"security_groups":true,"spot_instance_request_id":true,"subnet_id":true,"tags_all":true,"tenancy":true,"user_data":true,"user_data_base64":true,"vpc_security_group_ids":true},"before_sensitive":false,"after_sensitive":{"capacity_reservation_specification":[],"cpu_options":[],"credit_specification":[],"ebs_block_device":[],"enclave_options":[],"ephemeral_block_device":[],"instance_market_options":[],"ipv6_addresses":[],"launch_template":[],"maintenance_options":[],"metadata_options":[],"network_interface":[],"private_dns_name_options":[],"root_block_device":[],"secondary_private_ips":[],"security_groups":[],"tags_all":{},"vpc_security_group_ids":[]}}},{"address":"aws_s3_bucket.example","mode":"managed","type":"aws_s3_bucket","name":"example","provider_name":"registry.terraform.io/hashicorp/aws","change":{"actions":["create"],"before":null,"after":{"force_destroy":false,"tags":null,"timeouts":null},"after_unknown":{"acceleration_status":true,"acl":true,"arn":true,"bucket":true,"bucket_domain_name":true,"bucket_prefix":true,"bucket_regional_domain_name":true,"cors_rule":true,"grant":true,"hosted_zone_id":true,"id":true,"lifecycle_rule":true,"logging":true,"object_lock_configuration":true,"object_lock_enabled":true,"policy":true,"region":true,"replication_configuration":true,"request_payer":true,"server_side_encryption_configuration":true,"tags_all":true,"versioning":true,"website":true,"website_domain":true,"website_endpoint":true},"before_sensitive":false,"after_sensitive":{"cors_rule":[],"grant":[],"lifecycle_rule":[],"logging":[],"object_lock_configuration":[],"replication_configuration":[],"server_side_encryption_configuration":[],"tags_all":{},"versioning":[],"website":[]}}},{"address":"module.example_sqs_queue.data.aws_caller_identity.current","module_address":"module.example_sqs_queue","mode":"data","type":"aws_caller_identity","name":"current","provider_name":"registry.terraform.io/hashicorp/aws","change":{"actions":["read"],"before":null,"after":{},"after_unknown":{"account_id":true,"arn":true,"id":true,"user_id":true},"before_sensitive":false,"after_sensitive":{}},"action_reason":"read_because_dependency_pending"},{"address":"module.example_sqs_queue.data.aws_region.current","module_address":"module.example_sqs_queue","mode":"data","type":"aws_region","name":"current","provider_name":"registry.terraform.io/hashicorp/aws","change":{"actions":["read"],"before":null,"after":{},"after_unknown":{"description":true,"endpoint":true,"id":true,"name":true},"before_sensitive":false,"after_sensitive":{}},"action_reason":"read_because_dependency_pending"},{"address":"module.example_sqs_queue.aws_sqs_queue.this[0]","module_address":"module.example_sqs_queue","mode":"managed","type":"aws_sqs_queue","name":"this","index":0,"provider_name":"registry.terraform.io/hashicorp/aws","change":{"actions":["create"],"before":null,"after":{"content_based_deduplication":false,"delay_seconds":0,"fifo_queue":false,"kms_master_key_id":null,"max_message_size":262144,"message_retention_seconds":345600,"receive_wait_time_seconds":0,"sqs_managed_sse_enabled":true,"tags":null,"visibility_timeout_seconds":30},"after_unknown":{"arn":true,"deduplication_scope":true,"fifo_throughput_limit":true,"id":true,"kms_data_key_reuse_period_seconds":true,"name":true,"name_prefix":true,"policy":true,"redrive_allow_policy":true,"redrive_policy":true,"tags_all":true,"url":true},"before_sensitive":false,"after_sensitive":{"tags_all":{}}}}],"output_changes":{"ec2_elastic_ip":{"actions":["no-op"],"before":null,"after":null,"after_unknown":false,"before_sensitive":false,"after_sensitive":false}},"prior_state":{"format_version":"1.0","terraform_version":"1.9.6","values":{"root_module":{"resources":[{"address":"data.aws_ami.amazon_linux","mode":"data","type":"aws_ami","name":"amazon_linux","provider_name":"registry.terraform.io/hashicorp/aws","schema_version":0,"values":{"architecture":"x86_64","arn":"arn:aws:ec2:us-east-1::image/ami-01e3c4a339a264cc9","block_device_mappings":[{"device_name":"/dev/xvda","ebs":{"delete_on_termination":"true","encrypted":"false","iops":"0","snapshot_id":"snap-0ac4a546f96ede3c2","throughput":"0","volume_size":"8","volume_type":"gp2"},"no_device":"","virtual_name":""}],"boot_mode":"","creation_date":"2024-10-14T21:50:55.000Z","deprecation_time":"2025-07-01T00:00:00.000Z","description":"Amazon Linux 2 AMI 2.0.20241014.0 x86_64 HVM gp2","ena_support":true,"executable_users":null,"filter":[{"name":"name","values":["amzn2-ami-hvm-*-x86_64-gp2"]}],"hypervisor":"xen","id":"ami-01e3c4a339a264cc9","image_id":"ami-01e3c4a339a264cc9","image_location":"amazon/amzn2-ami-hvm-2.0.20241014.0-x86_64-gp2","image_owner_alias":"amazon","image_type":"machine","imds_support":"","include_deprecated":false,"kernel_id":"","most_recent":true,"name":"amzn2-ami-hvm-2.0.20241014.0-x86_64-gp2","name_regex":null,"owner_id":"137112412989","owners":["amazon"],"platform":"","platform_details":"Linux/UNIX","product_codes":[],"public":true,"ramdisk_id":"","root_device_name":"/dev/xvda","root_device_type":"ebs","root_snapshot_id":"snap-0ac4a546f96ede3c2","sriov_net_support":"simple","state":"available","state_reason":{"code":"UNSET","message":"UNSET"},"tags":{},"timeouts":null,"tpm_support":"","usage_operation":"RunInstances","virtualization_type":"hvm"},"sensitive_values":{"block_device_mappings":[{"ebs":{}}],"filter":[{"values":[false]}],"owners":[false],"product_codes":[],"state_reason":{},"tags":{}}},{"address":"aws_eip.ip","mode":"managed","type":"aws_eip","name":"ip","provider_name":"registry.terraform.io/hashicorp/aws","schema_version":0,"values":{"address":null,"allocation_id":"eipalloc-0aa92d644c0ce5a0f","arn":"arn:aws:ec2:us-east-1:631737274131:elastic-ip/eipalloc-0aa92d644c0ce5a0f","associate_with_private_ip":null,"association_id":"eipassoc-01cd580b183a7eff8","carrier_ip":"","customer_owned_ip":"","customer_owned_ipv4_pool":"","domain":"vpc","id":"eipalloc-0aa92d644c0ce5a0f","instance":"i-0cf6bc99664648bdb","ipam_pool_id":null,"network_border_group":"us-east-1","network_interface":"eni-0769228995b3acbc6","private_dns":"ip-172-31-41-178.ec2.internal","private_ip":"172.31.41.178","ptr_record":"","public_dns":"ec2-34-233-118-112.compute-1.amazonaws.com","public_ip":"34.233.118.112","public_ipv4_pool":"amazon","tags":{},"tags_all":{},"timeouts":null,"vpc":true},"sensitive_values":{"tags":{},"tags_all":{}},"depends_on":["aws_instance.example_a","data.aws_ami.amazon_linux"]},{"address":"aws_instance.example_a","mode":"managed","type":"aws_instance","name":"example_a","provider_name":"registry.terraform.io/hashicorp/aws","schema_version":1,"values":{"ami":"ami-01e3c4a339a264cc9","arn":"arn:aws:ec2:us-east-1:631737274131:instance/i-0cf6bc99664648bdb","associate_public_ip_address":true,"availability_zone":"us-east-1b","capacity_reservation_specification":[{"capacity_reservation_preference":"open","capacity_reservation_target":[]}],"cpu_core_count":1,"cpu_options":[{"amd_sev_snp":"","core_count":1,"threads_per_core":1}],"cpu_threads_per_core":1,"credit_specification":[{"cpu_credits":"standard"}],"disable_api_stop":false,"disable_api_termination":false,"ebs_block_device":[],"ebs_optimized":false,"enclave_options":[{"enabled":false}],"ephemeral_block_device":[],"get_password_data":false,"hibernation":false,"host_id":"","host_resource_group_arn":null,"iam_instance_profile":"","id":"i-0cf6bc99664648bdb","instance_initiated_shutdown_behavior":"stop","instance_lifecycle":"","instance_market_options":[],"instance_state":"running","instance_type":"t2.micro","ipv6_address_count":0,"ipv6_addresses":[],"key_name":"","launch_template":[],"maintenance_options":[{"auto_recovery":"default"}],"metadata_options":[{"http_endpoint":"enabled","http_protocol_ipv6":"disabled","http_put_response_hop_limit":1,"http_tokens":"optional","instance_metadata_tags":"disabled"}],"monitoring":false,"network_interface":[],"outpost_arn":"","password_data":"","placement_group":"","placement_partition_number":0,"primary_network_interface_id":"eni-0769228995b3acbc6","private_dns":"ip-172-31-41-178.ec2.internal","private_dns_name_options":[{"enable_resource_name_dns_a_record":false,"enable_resource_name_dns_aaaa_record":false,"hostname_type":"ip-name"}],"private_ip":"172.31.41.178","public_dns":"ec2-34-233-118-112.compute-1.amazonaws.com","public_ip":"34.233.118.112","root_block_device":[{"delete_on_termination":true,"device_name":"/dev/xvda","encrypted":false,"iops":100,"kms_key_id":"","tags":{},"tags_all":{},"throughput":0,"volume_id":"vol-032dffbd3a2325a60","volume_size":8,"volume_type":"gp2"}],"secondary_private_ips":[],"security_groups":["default"],"source_dest_check":true,"spot_instance_request_id":"","subnet_id":"subnet-06353f02ba9c31a67","tags":{},"tags_all":{},"tenancy":"default","timeouts":null,"user_data":null,"user_data_base64":null,"user_data_replace_on_change":false,"volume_tags":null,"vpc_security_group_ids":["sg-0d76fe892c5770115"]},"sensitive_values":{"capacity_reservation_specification":[{"capacity_reservation_target":[]}],"cpu_options":[{}],"credit_specification":[{}],"ebs_block_device":[],"enclave_options":[{}],"ephemeral_block_device":[],"instance_market_options":[],"ipv6_addresses":[],"launch_template":[],"maintenance_options":[{}],"metadata_options":[{}],"network_interface":[],"private_dns_name_options":[{}],"root_block_device":[{"tags":{},"tags_all":{}}],"secondary_private_ips":[],"security_groups":[false],"tags":{},"tags_all":{},"vpc_security_group_ids":[false]},"depends_on":["data.aws_ami.amazon_linux"]},{"address":"aws_instance.example_b","mode":"managed","type":"aws_instance","name":"example_b","provider_name":"registry.terraform.io/hashicorp/aws","schema_version":1,"values":{"ami":"ami-01e3c4a339a264cc9","arn":"arn:aws:ec2:us-east-1:631737274131:instance/i-02c315e9c0bdbea8b","associate_public_ip_address":true,"availability_zone":"us-east-1b","capacity_reservation_specification":[{"capacity_reservation_preference":"open","capacity_reservation_target":[]}],"cpu_core_count":1,"cpu_options":[{"amd_sev_snp":"","core_count":1,"threads_per_core":1}],"cpu_threads_per_core":1,"credit_specification":[{"cpu_credits":"standard"}],"disable_api_stop":false,"disable_api_termination":false,"ebs_block_device":[],"ebs_optimized":false,"enclave_options":[{"enabled":false}],"ephemeral_block_device":[],"get_password_data":false,"hibernation":false,"host_id":"","host_resource_group_arn":null,"iam_instance_profile":"","id":"i-02c315e9c0bdbea8b","instance_initiated_shutdown_behavior":"stop","instance_lifecycle":"","instance_market_options":[],"instance_state":"running","instance_type":"t2.micro","ipv6_address_count":0,"ipv6_addresses":[],"key_name":"","launch_template":[],"maintenance_options":[{"auto_recovery":"default"}],"metadata_options":[{"http_endpoint":"enabled","http_protocol_ipv6":"disabled","http_put_response_hop_limit":1,"http_tokens":"optional","instance_metadata_tags":"disabled"}],"monitoring":false,"network_interface":[],"outpost_arn":"","password_data":"","placement_group":"","placement_partition_number":0,"primary_network_interface_id":"eni-0da607855120b3fb2","private_dns":"ip-172-31-35-159.ec2.internal","private_dns_name_options":[{"enable_resource_name_dns_a_record":false,"enable_resource_name_dns_aaaa_record":false,"hostname_type":"ip-name"}],"private_ip":"172.31.35.159","public_dns":"ec2-54-92-137-171.compute-1.amazonaws.com","public_ip":"54.92.137.171","root_block_device":[{"delete_on_termination":true,"device_name":"/dev/xvda","encrypted":false,"iops":100,"kms_key_id":"","tags":{},"tags_all":{},"throughput":0,"volume_id":"vol-0384fe9a04198fa43","volume_size":8,"volume_type":"gp2"}],"secondary_private_ips":[],"security_groups":["default"],"source_dest_check":true,"spot_instance_request_id":"","subnet_id":"subnet-06353f02ba9c31a67","tags":{},"tags_all":{},"tenancy":"default","timeouts":null,"user_data":null,"user_data_base64":null,"user_data_replace_on_change":false,"volume_tags":null,"vpc_security_group_ids":["sg-0d76fe892c5770115"]},"sensitive_values":{"capacity_reservation_specification":[{"capacity_reservation_target":[]}],"cpu_options":[{}],"credit_specification":[{}],"ebs_block_device":[],"enclave_options":[{}],"ephemeral_block_device":[],"instance_market_options":[],"ipv6_addresses":[],"launch_template":[],"maintenance_options":[{}],"metadata_options":[{}],"network_interface":[],"private_dns_name_options":[{}],"root_block_device":[{"tags":{},"tags_all":{}}],"secondary_private_ips":[],"security_groups":[false],"tags":{},"tags_all":{},"vpc_security_group_ids":[false]},"depends_on":["data.aws_ami.amazon_linux"]}]}}},"configuration":{"provider_config":{"aws":{"name":"aws","full_name":"registry.terraform.io/hashicorp/aws","version_constraint":"\u003e= 5.71.0","expressions":{"region":{"references":["var.aws_region"]}}}},"root_module":{"outputs":{"ec2_elastic_ip":{"expression":{"references":["aws_eip.ip.address","aws_eip.ip"]},"description":"Elastic IP address for EC2 instance."}},"resources":[{"address":"aws_eip.ip","mode":"managed","type":"aws_eip","name":"ip","provider_config_key":"aws","expressions":{"domain":{"constant_value":"vpc"},"instance":{"references":["aws_instance.example_a.id","aws_instance.example_a"]}},"schema_version":0},{"address":"aws_instance.example_a","mode":"managed","type":"aws_instance","name":"example_a","provider_config_key":"aws","expressions":{"ami":{"references":["data.aws_ami.amazon_linux.id","data.aws_ami.amazon_linux"]},"instance_type":{"constant_value":"t2.micro"}},"schema_version":1},{"address":"aws_instance.example_b","mode":"managed","type":"aws_instance","name":"example_b","provider_config_key":"aws","expressions":{"ami":{"references":["data.aws_ami.amazon_linux.id","data.aws_ami.amazon_linux"]},"instance_type":{"constant_value":"t2.micro"}},"schema_version":1},{"address":"aws_instance.example_c","mode":"managed","type":"aws_instance","name":"example_c","provider_config_key":"aws","expressions":{"ami":{"references":["data.aws_ami.amazon_linux.id","data.aws_ami.amazon_linux"]},"instance_type":{"constant_value":"t2.micro"}},"schema_version":1,"depends_on":["aws_s3_bucket.example"]},{"address":"aws_s3_bucket.example","mode":"managed","type":"aws_s3_bucket","name":"example","provider_config_key":"aws","schema_version":0},{"address":"data.aws_ami.amazon_linux","mode":"data","type":"aws_ami","name":"amazon_linux","provider_config_key":"aws","expressions":{"filter":[{"name":{"constant_value":"name"},"values":{"constant_value":["amzn2-ami-hvm-*-x86_64-gp2"]}}],"most_recent":{"constant_value":true},"owners":{"constant_value":["amazon"]}},"schema_version":0}],"module_calls":{"example_sqs_queue":{"source":"terraform-aws-modules/sqs/aws","module":{"outputs":{"dead_letter_queue_arn":{"expression":{"references":["aws_sqs_queue.dlq[0].arn","aws_sqs_queue.dlq[0]","aws_sqs_queue.dlq"]},"description":"The ARN of the SQS queue"},"dead_letter_queue_arn_static":{"expression":{"references":["var.create","var.create_dlq","var.use_name_prefix","data.aws_region.current.name","data.aws_region.current","data.aws_caller_identity.current.account_id","data.aws_caller_identity.current","local.dlq_name"]},"description":"The ARN of the SQS queue. Use this to avoid cycle errors between resources (e.g., Step Functions)"},"dead_letter_queue_id":{"expression":{"references":["aws_sqs_queue.dlq[0].id","aws_sqs_queue.dlq[0]","aws_sqs_queue.dlq"]},"description":"The URL for the created Amazon SQS queue"},"dead_letter_queue_name":{"expression":{"references":["aws_sqs_queue.dlq[0].name","aws_sqs_queue.dlq[0]","aws_sqs_queue.dlq"]},"description":"The name of the SQS queue"},"dead_letter_queue_url":{"expression":{"references":["aws_sqs_queue.dlq[0].url","aws_sqs_queue.dlq[0]","aws_sqs_queue.dlq"]},"description":"Same as `dead_letter_queue_id`: The URL for the created Amazon SQS queue"},"queue_arn":{"expression":{"references":["aws_sqs_queue.this[0].arn","aws_sqs_queue.this[0]","aws_sqs_queue.this"]},"description":"The ARN of the SQS queue"},"queue_arn_static":{"expression":{"references":["var.create","var.use_name_prefix","data.aws_region.current.name","data.aws_region.current","data.aws_caller_identity.current.account_id","data.aws_caller_identity.current","local.name"]},"description":"The ARN of the SQS queue. Use this to avoid cycle errors between resources (e.g., Step Functions)"},"queue_id":{"expression":{"references":["aws_sqs_queue.this[0].id","aws_sqs_queue.this[0]","aws_sqs_queue.this"]},"description":"The URL for the created Amazon SQS queue"},"queue_name":{"expression":{"references":["aws_sqs_queue.this[0].name","aws_sqs_queue.this[0]","aws_sqs_queue.this"]},"description":"The name of the SQS queue"},"queue_url":{"expression":{"references":["aws_sqs_queue.this[0].url","aws_sqs_queue.this[0]","aws_sqs_queue.this"]},"description":"Same as `queue_id`: The URL for the created Amazon SQS queue"}},"resources":[{"address":"aws_sqs_queue.dlq","mode":"managed","type":"aws_sqs_queue","name":"dlq","provider_config_key":"aws","expressions":{"content_based_deduplication":{"references":["var.dlq_content_based_deduplication","var.content_based_deduplication"]},"deduplication_scope":{"references":["var.dlq_deduplication_scope","var.deduplication_scope"]},"delay_seconds":{"references":["var.dlq_delay_seconds","var.delay_seconds"]},"fifo_queue":{"references":["var.fifo_queue"]},"fifo_throughput_limit":{"references":["var.fifo_throughput_limit"]},"kms_data_key_reuse_period_seconds":{"references":["var.dlq_kms_data_key_reuse_period_seconds","var.kms_data_key_reuse_period_seconds"]},"kms_master_key_id":{"references":["local.dlq_kms_master_key_id"]},"max_message_size":{"references":["var.max_message_size"]},"message_retention_seconds":{"references":["var.dlq_message_retention_seconds","var.message_retention_seconds"]},"name":{"references":["var.use_name_prefix","local.dlq_name"]},"name_prefix":{"references":["var.use_name_prefix","local.dlq_name"]},"receive_wait_time_seconds":{"references":["var.dlq_receive_wait_time_seconds","var.receive_wait_time_seconds"]},"sqs_managed_sse_enabled":{"references":["local.dlq_kms_master_key_id","local.dlq_sqs_managed_sse_enabled"]},"tags":{"references":["var.tags","var.dlq_tags"]},"visibility_timeout_seconds":{"references":["var.dlq_visibility_timeout_seconds","var.visibility_timeout_seconds"]}},"schema_version":0,"count_expression":{"references":["var.create","var.create_dlq"]}},{"address":"aws_sqs_queue.this","mode":"managed","type":"aws_sqs_queue","name":"this","provider_config_key":"aws","expressions":{"content_based_deduplication":{"references":["var.content_based_deduplication"]},"deduplication_scope":{"references":["var.deduplication_scope"]},"delay_seconds":{"references":["var.delay_seconds"]},"fifo_queue":{"references":["var.fifo_queue"]},"fifo_throughput_limit":{"references":["var.fifo_throughput_limit"]},"kms_data_key_reuse_period_seconds":{"references":["var.kms_data_key_reuse_period_seconds"]},"kms_master_key_id":{"references":["var.kms_master_key_id"]},"max_message_size":{"references":["var.max_message_size"]},"message_retention_seconds":{"references":["var.message_retention_seconds"]},"name":{"references":["var.use_name_prefix","var.fifo_queue","local.name","local.name"]},"name_prefix":{"references":["var.use_name_prefix","local.name"]},"receive_wait_time_seconds":{"references":["var.receive_wait_time_seconds"]},"sqs_managed_sse_enabled":{"references":["var.kms_master_key_id","var.sqs_managed_sse_enabled"]},"tags":{"references":["var.tags"]},"visibility_timeout_seconds":{"references":["var.visibility_timeout_seconds"]}},"schema_version":0,"count_expression":{"references":["var.create"]}},{"address":"aws_sqs_queue_policy.dlq","mode":"managed","type":"aws_sqs_queue_policy","name":"dlq","provider_config_key":"aws","expressions":{"policy":{"references":["data.aws_iam_policy_document.dlq[0].json","data.aws_iam_policy_document.dlq[0]","data.aws_iam_policy_document.dlq"]},"queue_url":{"references":["aws_sqs_queue.dlq[0].url","aws_sqs_queue.dlq[0]","aws_sqs_queue.dlq"]}},"schema_version":1,"count_expression":{"references":["var.create","var.create_dlq","var.create_dlq_queue_policy"]}},{"address":"aws_sqs_queue_policy.this","mode":"managed","type":"aws_sqs_queue_policy","name":"this","provider_config_key":"aws","expressions":{"policy":{"references":["data.aws_iam_policy_document.this[0].json","data.aws_iam_policy_document.this[0]","data.aws_iam_policy_document.this"]},"queue_url":{"references":["aws_sqs_queue.this[0].url","aws_sqs_queue.this[0]","aws_sqs_queue.this"]}},"schema_version":1,"count_expression":{"references":["var.create","var.create_queue_policy"]}},{"address":"aws_sqs_queue_redrive_allow_policy.dlq","mode":"managed","type":"aws_sqs_queue_redrive_allow_policy","name":"dlq","provider_config_key":"aws","expressions":{"queue_url":{"references":["aws_sqs_queue.dlq[0].url","aws_sqs_queue.dlq[0]","aws_sqs_queue.dlq"]},"redrive_allow_policy":{"references":["aws_sqs_queue.this[0].arn","aws_sqs_queue.this[0]","aws_sqs_queue.this","var.dlq_redrive_allow_policy"]}},"schema_version":0,"count_expression":{"references":["var.create","var.create_dlq","var.create_dlq_redrive_allow_policy"]}},{"address":"aws_sqs_queue_redrive_allow_policy.this","mode":"managed","type":"aws_sqs_queue_redrive_allow_policy","name":"this","provider_config_key":"aws","expressions":{"queue_url":{"references":["aws_sqs_queue.this[0].url","aws_sqs_queue.this[0]","aws_sqs_queue.this"]},"redrive_allow_policy":{"references":["var.redrive_allow_policy"]}},"schema_version":0,"count_expression":{"references":["var.create","var.create_dlq","var.redrive_allow_policy"]}},{"address":"aws_sqs_queue_redrive_policy.dlq","mode":"managed","type":"aws_sqs_queue_redrive_policy","name":"dlq","provider_config_key":"aws","expressions":{"queue_url":{"references":["aws_sqs_queue.this[0].url","aws_sqs_queue.this[0]","aws_sqs_queue.this"]},"redrive_policy":{"references":["aws_sqs_queue.dlq[0].arn","aws_sqs_queue.dlq[0]","aws_sqs_queue.dlq","var.redrive_policy"]}},"schema_version":0,"count_expression":{"references":["var.create","var.create_dlq"]}},{"address":"aws_sqs_queue_redrive_policy.this","mode":"managed","type":"aws_sqs_queue_redrive_policy","name":"this","provider_config_key":"aws","expressions":{"queue_url":{"references":["aws_sqs_queue.this[0].url","aws_sqs_queue.this[0]","aws_sqs_queue.this"]},"redrive_policy":{"references":["var.redrive_policy"]}},"schema_version":0,"count_expression":{"references":["var.create","var.create_dlq","var.redrive_policy"]}},{"address":"data.aws_caller_identity.current","mode":"data","type":"aws_caller_identity","name":"current","provider_config_key":"aws","schema_version":0},{"address":"data.aws_iam_policy_document.dlq","mode":"data","type":"aws_iam_policy_document","name":"dlq","provider_config_key":"aws","expressions":{"override_policy_documents":{"references":["var.override_dlq_queue_policy_documents"]},"source_policy_documents":{"references":["var.source_dlq_queue_policy_documents"]}},"schema_version":0,"count_expression":{"references":["var.create","var.create_dlq","var.create_dlq_queue_policy"]}},{"address":"data.aws_iam_policy_document.this","mode":"data","type":"aws_iam_policy_document","name":"this","provider_config_key":"aws","expressions":{"override_policy_documents":{"references":["var.override_queue_policy_documents"]},"source_policy_documents":{"references":["var.source_queue_policy_documents"]}},"schema_version":0,"count_expression":{"references":["var.create","var.create_queue_policy"]}},{"address":"data.aws_region.current","mode":"data","type":"aws_region","name":"current","provider_config_key":"aws","schema_version":0}],"variables":{"content_based_deduplication":{"default":null,"description":"Enables content-based deduplication for FIFO queues"},"create":{"default":true,"description":"Whether to create SQS queue"},"create_dlq":{"default":false,"description":"Determines whether to create SQS dead letter queue"},"create_dlq_queue_policy":{"default":false,"description":"Whether to create SQS queue policy"},"create_dlq_redrive_allow_policy":{"default":true,"description":"Determines whether to create a redrive allow policy for the dead letter queue."},"create_queue_policy":{"default":false,"description":"Whether to create SQS queue policy"},"deduplication_scope":{"default":null,"description":"Specifies whether message deduplication occurs at the message group or queue level"},"delay_seconds":{"default":null,"description":"The time in seconds that the delivery of all messages in the queue will be delayed. An integer from 0 to 900 (15 minutes)"},"dlq_content_based_deduplication":{"default":null,"description":"Enables content-based deduplication for FIFO queues"},"dlq_deduplication_scope":{"default":null,"description":"Specifies whether message deduplication occurs at the message group or queue level"},"dlq_delay_seconds":{"default":null,"description":"The time in seconds that the delivery of all messages in the queue will be delayed. An integer from 0 to 900 (15 minutes)"},"dlq_kms_data_key_reuse_period_seconds":{"default":null,"description":"The length of time, in seconds, for which Amazon SQS can reuse a data key to encrypt or decrypt messages before calling AWS KMS again. An integer representing seconds, between 60 seconds (1 minute) and 86,400 seconds (24 hours)"},"dlq_kms_master_key_id":{"default":null,"description":"The ID of an AWS-managed customer master key (CMK) for Amazon SQS or a custom CMK"},"dlq_message_retention_seconds":{"default":null,"description":"The number of seconds Amazon SQS retains a message. Integer representing seconds, from 60 (1 minute) to 1209600 (14 days)"},"dlq_name":{"default":null,"description":"This is the human-readable name of the queue. If omitted, Terraform will assign a random name"},"dlq_queue_policy_statements":{"default":{},"description":"A map of IAM policy [statements](https://registry.terraform.io/providers/hashicorp/aws/latest/docs/data-sources/iam_policy_document#statement) for custom permission usage"},"dlq_receive_wait_time_seconds":{"default":null,"description":"The time for which a ReceiveMessage call will wait for a message to arrive (long polling) before returning. An integer from 0 to 20 (seconds)"},"dlq_redrive_allow_policy":{"default":{},"description":"The JSON policy to set up the Dead Letter Queue redrive permission, see AWS docs."},"dlq_sqs_managed_sse_enabled":{"default":true,"description":"Boolean to enable server-side encryption (SSE) of message content with SQS-owned encryption keys"},"dlq_tags":{"default":{},"description":"A mapping of additional tags to assign to the dead letter queue"},"dlq_visibility_timeout_seconds":{"default":null,"description":"The visibility timeout for the queue. An integer from 0 to 43200 (12 hours)"},"fifo_queue":{"default":false,"description":"Boolean designating a FIFO queue"},"fifo_throughput_limit":{"default":null,"description":"Specifies whether the FIFO queue throughput quota applies to the entire queue or per message group"},"kms_data_key_reuse_period_seconds":{"default":null,"description":"The length of time, in seconds, for which Amazon SQS can reuse a data key to encrypt or decrypt messages before calling AWS KMS again. An integer representing seconds, between 60 seconds (1 minute) and 86,400 seconds (24 hours)"},"kms_master_key_id":{"default":null,"description":"The ID of an AWS-managed customer master key (CMK) for Amazon SQS or a custom CMK"},"max_message_size":{"default":null,"description":"The limit of how many bytes a message can contain before Amazon SQS rejects it. An integer from 1024 bytes (1 KiB) up to 262144 bytes (256 KiB)"},"message_retention_seconds":{"default":null,"description":"The number of seconds Amazon SQS retains a message. Integer representing seconds, from 60 (1 minute) to 1209600 (14 days)"},"name":{"default":null,"description":"This is the human-readable name of the queue. If omitted, Terraform will assign a random name"},"override_dlq_queue_policy_documents":{"default":[],"description":"List of IAM policy documents that are merged together into the exported document. In merging, statements with non-blank `sid`s will override statements with the same `sid`"},"override_queue_policy_documents":{"default":[],"description":"List of IAM policy documents that are merged together into the exported document. In merging, statements with non-blank `sid`s will override statements with the same `sid`"},"queue_policy_statements":{"default":{},"description":"A map of IAM policy [statements](https://registry.terraform.io/providers/hashicorp/aws/latest/docs/data-sources/iam_policy_document#statement) for custom permission usage"},"receive_wait_time_seconds":{"default":null,"description":"The time for which a ReceiveMessage call will wait for a message to arrive (long polling) before returning. An integer from 0 to 20 (seconds)"},"redrive_allow_policy":{"default":{},"description":"The JSON policy to set up the Dead Letter Queue redrive permission, see AWS docs."},"redrive_policy":{"default":{},"description":"The JSON policy to set up the Dead Letter Queue, see AWS docs. Note: when specifying maxReceiveCount, you must specify it as an integer (5), and not a string (\"5\")"},"source_dlq_queue_policy_documents":{"default":[],"description":"List of IAM policy documents that are merged together into the exported document. Statements must have unique `sid`s"},"source_queue_policy_documents":{"default":[],"description":"List of IAM policy documents that are merged together into the exported document. Statements must have unique `sid`s"},"sqs_managed_sse_enabled":{"default":true,"description":"Boolean to enable server-side encryption (SSE) of message content with SQS-owned encryption keys"},"tags":{"default":{},"description":"A mapping of tags to assign to all resources"},"use_name_prefix":{"default":false,"description":"Determines whether `name` is used as a prefix"},"visibility_timeout_seconds":{"default":null,"description":"The visibility timeout for the queue. An integer from 0 to 43200 (12 hours)"}}},"version_constraint":"\u003e= 3.3.0","depends_on":["aws_s3_bucket.example","aws_instance.example_c"]}},"variables":{"aws_region":{"default":"us-east-1","description":"AWS region for all resources."}}}},"relevant_attributes":[{"resource":"module.example_sqs_queue.data.aws_caller_identity.current","attribute":["account_id"]},{"resource":"module.example_sqs_queue.aws_sqs_queue.this[0]","attribute":["arn"]},{"resource":"module.example_sqs_queue.aws_sqs_queue.this[0]","attribute":["url"]},{"resource":"module.example_sqs_queue.aws_sqs_queue.this[0]","attribute":["id"]},{"resource":"module.example_sqs_queue.aws_sqs_queue.this[0]","attribute":["name"]},{"resource":"data.aws_ami.amazon_linux","attribute":["id"]},{"resource":"module.example_sqs_queue.data.aws_region.current","attribute":["name"]}],"timestamp":"2024-10-19T11:30:03Z","applyable":true,"complete":true,"errored":false}

