{"format_version":"1.2","terraform_version":"1.9.6","variables":{"aws_region":{"value":"us-east-1"}},"planned_values":{"outputs":{"ec2_elastic_ip":{"sensitive":false,"type":"dynamic","value":null}},"root_module":{"resources":[{"address":"aws_eip.ip","mode":"managed","type":"aws_eip","name":"ip","provider_name":"registry.terraform.io/hashicorp/aws","schema_version":0,"values":{"address":null,"associate_with_private_ip":null,"customer_owned_ipv4_pool":null,"instance":"i-0cf6bc99664648bdb","tags":null,"timeouts":null},"sensitive_values":{"tags_all":{}}},{"address":"aws_instance.example_a","mode":"managed","type":"aws_instance","name":"example_a","provider_name":"registry.terraform.io/hashicorp/aws","schema_version":1,"values":{"ami":"ami-01e3c4a339a264cc9","arn":"arn:aws:ec2:us-east-1:631737274131:instance/i-0cf6bc99664648bdb","associate_public_ip_address":true,"availability_zone":"us-east-1b","capacity_reservation_specification":[{"capacity_reservation_preference":"open","capacity_reservation_target":[]}],"cpu_core_count":1,"cpu_options":[{"amd_sev_snp":"","core_count":1,"threads_per_core":1}],"cpu_threads_per_core":1,"credit_specification":[{"cpu_credits":"standard"}],"disable_api_stop":false,"disable_api_termination":false,"ebs_block_device":[],"ebs_optimized":false,"enclave_options":[{"enabled":false}],"ephemeral_block_device":[],"get_password_data":false,"hibernation":false,"host_id":"","host_resource_group_arn":null,"iam_instance_profile":"","id":"i-0cf6bc99664648bdb","instance_initiated_shutdown_behavior":"stop","instance_lifecycle":"","instance_market_options":[],"instance_state":"running","instance_type":"t2.micro","ipv6_address_count":0,"ipv6_addresses":[],"key_name":"","launch_template":[],"maintenance_options":[{"auto_recovery":"default"}],"metadata_options":[{"http_endpoint":"enabled","http_protocol_ipv6":"disabled","http_put_response_hop_limit":1,"http_tokens":"optional","instance_metadata_tags":"disabled"}],"monitoring":false,"network_interface":[],"outpost_arn":"","password_data":"","placement_group":"","placement_partition_number":0,"primary_network_interface_id":"eni-0769228995b3acbc6","private_dns":"ip-172-31-41-178.ec2.internal","private_dns_name_options":[{"enable_resource_name_dns_a_record":false,"enable_resource_name_dns_aaaa_record":false,"hostname_type":"ip-name"}],"private_ip":"172.31.41.178","public_dns":"ec2-34-207-137-177.compute-1.amazonaws.com","public_ip":"34.207.137.177","root_block_device":[{"delete_on_termination":true,"device_name":"/dev/xvda","encrypted":false,"iops":100,"kms_key_id":"","tags":{},"tags_all":{},"throughput":0,"volume_id":"vol-032dffbd3a2325a60","volume_size":8,"volume_type":"gp2"}],"secondary_private_ips":[],"security_groups":["default"],"source_dest_check":true,"spot_instance_request_id":"","subnet_id":"subnet-06353f02ba9c31a67","tags":{},"tags_all":{},"tenancy":"default","timeouts":null,"user_data":null,"user_data_base64":null,"user_data_replace_on_change":false,"volume_tags":null,"vpc_security_group_ids":["sg-0d76fe892c5770115"]},"sensitive_values":{"capacity_reservation_specification":[{"capacity_reservation_target":[]}],"cpu_options":[{}],"credit_specification":[{}],"ebs_block_device":[],"enclave_options":[{}],"ephemeral_block_device":[],"instance_market_options":[],"ipv6_addresses":[],"launch_template":[],"maintenance_options":[{}],"metadata_options":[{}],"network_interface":[],"private_dns_name_options":[{}],"root_block_device":[{"tags":{},"tags_all":{}}],"secondary_private_ips":[],"security_groups":[false],"tags":{},"tags_all":{},"vpc_security_group_ids":[false]}},{"address":"aws_instance.example_b","mode":"managed","type":"aws_instance","name":"example_b","provider_name":"registry.terraform.io/hashicorp/aws","schema_version":1,"values":{"ami":"ami-01e3c4a339a264cc9","arn":"arn:aws:ec2:us-east-1:631737274131:instance/i-02c315e9c0bdbea8b","associate_public_ip_address":true,"availability_zone":"us-east-1b","capacity_reservation_specification":[{"capacity_reservation_preference":"open","capacity_reservation_target":[]}],"cpu_core_count":1,"cpu_options":[{"amd_sev_snp":"","core_count":1,"threads_per_core":1}],"cpu_threads_per_core":1,"credit_specification":[{"cpu_credits":"standard"}],"disable_api_stop":false,"disable_api_termination":false,"ebs_block_device":[],"ebs_optimized":false,"enclave_options":[{"enabled":false}],"ephemeral_block_device":[],"get_password_data":false,"hibernation":false,"host_id":"","host_resource_group_arn":null,"iam_instance_profile":"","id":"i-02c315e9c0bdbea8b","instance_initiated_shutdown_behavior":"stop","instance_lifecycle":"","instance_market_options":[],"instance_state":"running","instance_type":"t2.micro","ipv6_address_count":0,"ipv6_addresses":[],"key_name":"","launch_template":[],"maintenance_options":[{"auto_recovery":"default"}],"metadata_options":[{"http_endpoint":"enabled","http_protocol_ipv6":"disabled","http_put_response_hop_limit":1,"http_tokens":"optional","instance_metadata_tags":"disabled"}],"monitoring":false,"network_interface":[],"outpost_arn":"","password_data":"","placement_group":"","placement_partition_number":0,"primary_network_interface_id":"eni-0da607855120b3fb2","private_dns":"ip-172-31-35-159.ec2.internal","private_dns_name_options":[{"enable_resource_name_dns_a_record":false,"enable_resource_name_dns_aaaa_record":false,"hostname_type":"ip-name"}],"private_ip":"172.31.35.159","public_dns":"ec2-54-92-137-171.compute-1.amazonaws.com","public_ip":"54.92.137.171","root_block_device":[{"delete_on_termination":true,"device_name":"/dev/xvda","encrypted":false,"iops":100,"kms_key_id":"","tags":{},"tags_all":{},"throughput":0,"volume_id":"vol-0384fe9a04198fa43","volume_size":8,"volume_type":"gp2"}],"secondary_private_ips":[],"security_groups":["default"],"source_dest_check":true,"spot_instance_request_id":"","subnet_id":"subnet-06353f02ba9c31a67","tags":{},"tags_all":{},"tenancy":"default","timeouts":null,"user_data":null,"user_data_base64":null,"user_data_replace_on_change":false,"volume_tags":null,"vpc_security_group_ids":["sg-0d76fe892c5770115"]},"sensitive_values":{"capacity_reservation_specification":[{"capacity_reservation_target":[]}],"cpu_options":[{}],"credit_specification":[{}],"ebs_block_device":[],"enclave_options":[{}],"ephemeral_block_device":[],"instance_market_options":[],"ipv6_addresses":[],"launch_template":[],"maintenance_options":[{}],"metadata_options":[{}],"network_interface":[],"private_dns_name_options":[{}],"root_block_device":[{"tags":{},"tags_all":{}}],"secondary_private_ips":[],"security_groups":[false],"tags":{},"tags_all":{},"vpc_security_group_ids":[false]}}]}},"resource_drift":[{"address":"aws_eip.ip","mode":"managed","type":"aws_eip","name":"ip","provider_name":"registry.terraform.io/hashicorp/aws","change":{"actions":["update"],"before":{"address":null,"allocation_id":null,"arn":null,"associate_with_private_ip":"true","association_id":null,"carrier_ip":null,"customer_owned_ip":null,"customer_owned_ipv4_pool":null,"domain":null,"id":"eipalloc-0b0b5d2398bc45125","instance":"i-0cf6bc99664648bdb","ipam_pool_id":null,"network_border_group":null,"network_interface":null,"private_dns":null,"private_ip":null,"ptr_record":null,"public_dns":null,"public_ip":null,"public_ipv4_pool":null,"tags":null,"tags_all":null,"timeouts":null,"vpc":null},"after":{"address":null,"allocation_id":"eipalloc-0b0b5d2398bc45125","arn":"arn:aws:ec2:us-east-1:631737274131:elastic-ip/eipalloc-0b0b5d2398bc45125","associate_with_private_ip":"true","association_id":"","carrier_ip":"","customer_owned_ip":"","customer_owned_ipv4_pool":"","domain":"vpc","id":"eipalloc-0b0b5d2398bc45125","instance":"","ipam_pool_id":null,"network_border_group":"us-east-1","network_interface":"","private_dns":null,"private_ip":"","ptr_record":"","public_dns":"ec2-52-4-16-250.compute-1.amazonaws.com","public_ip":"52.4.16.250","public_ipv4_pool":"amazon","tags":{},"tags_all":{},"timeouts":null,"vpc":true},"after_unknown":{},"before_sensitive":{},"after_sensitive":{"tags":{},"tags_all":{}}}},{"address":"aws_instance.example_a","mode":"managed","type":"aws_instance","name":"example_a","provider_name":"registry.terraform.io/hashicorp/aws","change":{"actions":["update"],"before":{"ami":"ami-01e3c4a339a264cc9","arn":"arn:aws:ec2:us-east-1:631737274131:instance/i-0cf6bc99664648bdb","associate_public_ip_address":true,"availability_zone":"us-east-1b","capacity_reservation_specification":[{"capacity_reservation_preference":"open","capacity_reservation_target":[]}],"cpu_core_count":1,"cpu_options":[{"amd_sev_snp":"","core_count":1,"threads_per_core":1}],"cpu_threads_per_core":1,"credit_specification":[{"cpu_credits":"standard"}],"disable_api_stop":false,"disable_api_termination":false,"ebs_block_device":[],"ebs_optimized":false,"enclave_options":[{"enabled":false}],"ephemeral_block_device":[],"get_password_data":false,"hibernation":false,"host_id":"","host_resource_group_arn":null,"iam_instance_profile":"","id":"i-0cf6bc99664648bdb","instance_initiated_shutdown_behavior":"stop","instance_lifecycle":"","instance_market_options":[],"instance_state":"running","instance_type":"t2.micro","ipv6_address_count":0,"ipv6_addresses":[],"key_name":"","launch_template":[],"maintenance_options":[{"auto_recovery":"default"}],"metadata_options":[{"http_endpoint":"enabled","http_protocol_ipv6":"disabled","http_put_response_hop_limit":1,"http_tokens":"optional","instance_metadata_tags":"disabled"}],"monitoring":false,"network_interface":[],"outpost_arn":"","password_data":"","placement_group":"","placement_partition_number":0,"primary_network_interface_id":"eni-0769228995b3acbc6","private_dns":"ip-172-31-41-178.ec2.internal","private_dns_name_options":[{"enable_resource_name_dns_a_record":false,"enable_resource_name_dns_aaaa_record":false,"hostname_type":"ip-name"}],"private_ip":"172.31.41.178","public_dns":"ec2-34-207-137-177.compute-1.amazonaws.com","public_ip":"34.207.137.177","root_block_device":[{"delete_on_termination":true,"device_name":"/dev/xvda","encrypted":false,"iops":100,"kms_key_id":"","tags":{},"tags_all":{},"throughput":0,"volume_id":"vol-032dffbd3a2325a60","volume_size":8,"volume_type":"gp2"}],"secondary_private_ips":[],"security_groups":["default"],"source_dest_check":true,"spot_instance_request_id":"","subnet_id":"subnet-06353f02ba9c31a67","tags":null,"tags_all":{},"tenancy":"default","timeouts":null,"user_data":null,"user_data_base64":null,"user_data_replace_on_change":false,"volume_tags":null,"vpc_security_group_ids":["sg-0d76fe892c5770115"]},"after":{"ami":"ami-01e3c4a339a264cc9","arn":"arn:aws:ec2:us-east-1:631737274131:instance/i-0cf6bc99664648bdb","associate_public_ip_address":true,"availability_zone":"us-east-1b","capacity_reservation_specification":[{"capacity_reservation_preference":"open","capacity_reservation_target":[]}],"cpu_core_count":1,"cpu_options":[{"amd_sev_snp":"","core_count":1,"threads_per_core":1}],"cpu_threads_per_core":1,"credit_specification":[{"cpu_credits":"standard"}],"disable_api_stop":false,"disable_api_termination":false,"ebs_block_device":[],"ebs_optimized":false,"enclave_options":[{"enabled":false}],"ephemeral_block_device":[],"get_password_data":false,"hibernation":false,"host_id":"","host_resource_group_arn":null,"iam_instance_profile":"","id":"i-0cf6bc99664648bdb","instance_initiated_shutdown_behavior":"stop","instance_lifecycle":"","instance_market_options":[],"instance_state":"running","instance_type":"t2.micro","ipv6_address_count":0,"ipv6_addresses":[],"key_name":"","launch_template":[],"maintenance_options":[{"auto_recovery":"default"}],"metadata_options":[{"http_endpoint":"enabled","http_protocol_ipv6":"disabled","http_put_response_hop_limit":1,"http_tokens":"optional","instance_metadata_tags":"disabled"}],"monitoring":false,"network_interface":[],"outpost_arn":"","password_data":"","placement_group":"","placement_partition_number":0,"primary_network_interface_id":"eni-0769228995b3acbc6","private_dns":"ip-172-31-41-178.ec2.internal","private_dns_name_options":[{"enable_resource_name_dns_a_record":false,"enable_resource_name_dns_aaaa_record":false,"hostname_type":"ip-name"}],"private_ip":"172.31.41.178","public_dns":"ec2-34-207-137-177.compute-1.amazonaws.com","public_ip":"34.207.137.177","root_block_device":[{"delete_on_termination":true,"device_name":"/dev/xvda","encrypted":false,"iops":100,"kms_key_id":"","tags":{},"tags_all":{},"throughput":0,"volume_id":"vol-032dffbd3a2325a60","volume_size":8,"volume_type":"gp2"}],"secondary_private_ips":[],"security_groups":["default"],"source_dest_check":true,"spot_instance_request_id":"","subnet_id":"subnet-06353f02ba9c31a67","tags":{},"tags_all":{},"tenancy":"default","timeouts":null,"user_data":null,"user_data_base64":null,"user_data_replace_on_change":false,"volume_tags":null,"vpc_security_group_ids":["sg-0d76fe892c5770115"]},"after_unknown":{},"before_sensitive":{"capacity_reservation_specification":[{"capacity_reservation_target":[]}],"cpu_options":[{}],"credit_specification":[{}],"ebs_block_device":[],"enclave_options":[{}],"ephemeral_block_device":[],"instance_market_options":[],"ipv6_addresses":[],"launch_template":[],"maintenance_options":[{}],"metadata_options":[{}],"network_interface":[],"private_dns_name_options":[{}],"root_block_device":[{"tags":{},"tags_all":{}}],"secondary_private_ips":[],"security_groups":[false],"tags_all":{},"vpc_security_group_ids":[false]},"after_sensitive":{"capacity_reservation_specification":[{"capacity_reservation_target":[]}],"cpu_options":[{}],"credit_specification":[{}],"ebs_block_device":[],"enclave_options":[{}],"ephemeral_block_device":[],"instance_market_options":[],"ipv6_addresses":[],"launch_template":[],"maintenance_options":[{}],"metadata_options":[{}],"network_interface":[],"private_dns_name_options":[{}],"root_block_device":[{"tags":{},"tags_all":{}}],"secondary_private_ips":[],"security_groups":[false],"tags":{},"tags_all":{},"vpc_security_group_ids":[false]}}},{"address":"aws_instance.example_b","mode":"managed","type":"aws_instance","name":"example_b","provider_name":"registry.terraform.io/hashicorp/aws","change":{"actions":["update"],"before":{"ami":"ami-01e3c4a339a264cc9","arn":"arn:aws:ec2:us-east-1:631737274131:instance/i-02c315e9c0bdbea8b","associate_public_ip_address":true,"availability_zone":"us-east-1b","capacity_reservation_specification":[{"capacity_reservation_preference":"open","capacity_reservation_target":[]}],"cpu_core_count":1,"cpu_options":[{"amd_sev_snp":"","core_count":1,"threads_per_core":1}],"cpu_threads_per_core":1,"credit_specification":[{"cpu_credits":"standard"}],"disable_api_stop":false,"disable_api_termination":false,"ebs_block_device":[],"ebs_optimized":false,"enclave_options":[{"enabled":false}],"ephemeral_block_device":[],"get_password_data":false,"hibernation":false,"host_id":"","host_resource_group_arn":null,"iam_instance_profile":"","id":"i-02c315e9c0bdbea8b","instance_initiated_shutdown_behavior":"stop","instance_lifecycle":"","instance_market_options":[],"instance_state":"running","instance_type":"t2.micro","ipv6_address_count":0,"ipv6_addresses":[],"key_name":"","launch_template":[],"maintenance_options":[{"auto_recovery":"default"}],"metadata_options":[{"http_endpoint":"enabled","http_protocol_ipv6":"disabled","http_put_response_hop_limit":1,"http_tokens":"optional","instance_metadata_tags":"disabled"}],"monitoring":false,"network_interface":[],"outpost_arn":"","password_data":"","placement_group":"","placement_partition_number":0,"primary_network_interface_id":"eni-0da607855120b3fb2","private_dns":"ip-172-31-35-159.ec2.internal","private_dns_name_options":[{"enable_resource_name_dns_a_record":false,"enable_resource_name_dns_aaaa_record":false,"hostname_type":"ip-name"}],"private_ip":"172.31.35.159","public_dns":"ec2-54-92-137-171.compute-1.amazonaws.com","public_ip":"54.92.137.171","root_block_device":[{"delete_on_termination":true,"device_name":"/dev/xvda","encrypted":false,"iops":100,"kms_key_id":"","tags":{},"tags_all":{},"throughput":0,"volume_id":"vol-0384fe9a04198fa43","volume_size":8,"volume_type":"gp2"}],"secondary_private_ips":[],"security_groups":["default"],"source_dest_check":true,"spot_instance_request_id":"","subnet_id":"subnet-06353f02ba9c31a67","tags":null,"tags_all":{},"tenancy":"default","timeouts":null,"user_data":null,"user_data_base64":null,"user_data_replace_on_change":false,"volume_tags":null,"vpc_security_group_ids":["sg-0d76fe892c5770115"]},"after":{"ami":"ami-01e3c4a339a264cc9","arn":"arn:aws:ec2:us-east-1:631737274131:instance/i-02c315e9c0bdbea8b","associate_public_ip_address":true,"availability_zone":"us-east-1b","capacity_reservation_specification":[{"capacity_reservation_preference":"open","capacity_reservation_target":[]}],"cpu_core_count":1,"cpu_options":[{"amd_sev_snp":"","core_count":1,"threads_per_core":1}],"cpu_threads_per_core":1,"credit_specification":[{"cpu_credits":"standard"}],"disable_api_stop":false,"disable_api_termination":false,"ebs_block_device":[],"ebs_optimized":false,"enclave_options":[{"enabled":false}],"ephemeral_block_device":[],"get_password_data":false,"hibernation":false,"host_id":"","host_resource_group_arn":null,"iam_instance_profile":"","id":"i-02c315e9c0bdbea8b","instance_initiated_shutdown_behavior":"stop","instance_lifecycle":"","instance_market_options":[],"instance_state":"running","instance_type":"t2.micro","ipv6_address_count":0,"ipv6_addresses":[],"key_name":"","launch_template":[],"maintenance_options":[{"auto_recovery":"default"}],"metadata_options":[{"http_endpoint":"enabled","http_protocol_ipv6":"disabled","http_put_response_hop_limit":1,"http_tokens":"optional","instance_metadata_tags":"disabled"}],"monitoring":false,"network_interface":[],"outpost_arn":"","password_data":"","placement_group":"","placement_partition_number":0,"primary_network_interface_id":"eni-0da607855120b3fb2","private_dns":"ip-172-31-35-159.ec2.internal","private_dns_name_options":[{"enable_resource_name_dns_a_record":false,"enable_resource_name_dns_aaaa_record":false,"hostname_type":"ip-name"}],"private_ip":"172.31.35.159","public_dns":"ec2-54-92-137-171.compute-1.amazonaws.com","public_ip":"54.92.137.171","root_block_device":[{"delete_on_termination":true,"device_name":"/dev/xvda","encrypted":false,"iops":100,"kms_key_id":"","tags":{},"tags_all":{},"throughput":0,"volume_id":"vol-0384fe9a04198fa43","volume_size":8,"volume_type":"gp2"}],"secondary_private_ips":[],"security_groups":["default"],"source_dest_check":true,"spot_instance_request_id":"","subnet_id":"subnet-06353f02ba9c31a67","tags":{},"tags_all":{},"tenancy":"default","timeouts":null,"user_data":null,"user_data_base64":null,"user_data_replace_on_change":false,"volume_tags":null,"vpc_security_group_ids":["sg-0d76fe892c5770115"]},"after_unknown":{},"before_sensitive":{"capacity_reservation_specification":[{"capacity_reservation_target":[]}],"cpu_options":[{}],"credit_specification":[{}],"ebs_block_device":[],"enclave_options":[{}],"ephemeral_block_device":[],"instance_market_options":[],"ipv6_addresses":[],"launch_template":[],"maintenance_options":[{}],"metadata_options":[{}],"network_interface":[],"private_dns_name_options":[{}],"root_block_device":[{"tags":{},"tags_all":{}}],"secondary_private_ips":[],"security_groups":[false],"tags_all":{},"vpc_security_group_ids":[false]},"after_sensitive":{"capacity_reservation_specification":[{"capacity_reservation_target":[]}],"cpu_options":[{}],"credit_specification":[{}],"ebs_block_device":[],"enclave_options":[{}],"ephemeral_block_device":[],"instance_market_options":[],"ipv6_addresses":[],"launch_template":[],"maintenance_options":[{}],"metadata_options":[{}],"network_interface":[],"private_dns_name_options":[{}],"root_block_device":[{"tags":{},"tags_all":{}}],"secondary_private_ips":[],"security_groups":[false],"tags":{},"tags_all":{},"vpc_security_group_ids":[false]}}}],"resource_changes":[{"address":"aws_eip.ip","mode":"managed","type":"aws_eip","name":"ip","provider_name":"registry.terraform.io/hashicorp/aws","change":{"actions":["delete","create"],"before":{"address":null,"allocation_id":"eipalloc-0b0b5d2398bc45125","arn":"arn:aws:ec2:us-east-1:631737274131:elastic-ip/eipalloc-0b0b5d2398bc45125","associate_with_private_ip":"true","association_id":"","carrier_ip":"","customer_owned_ip":"","customer_owned_ipv4_pool":"","domain":"vpc","id":"eipalloc-0b0b5d2398bc45125","instance":"","ipam_pool_id":null,"network_border_group":"us-east-1","network_interface":"","private_dns":null,"private_ip":"","ptr_record":"","public_dns":"ec2-52-4-16-250.compute-1.amazonaws.com","public_ip":"52.4.16.250","public_ipv4_pool":"amazon","tags":{},"tags_all":{},"timeouts":null,"vpc":true},"after":{"address":null,"associate_with_private_ip":null,"customer_owned_ipv4_pool":null,"instance":"i-0cf6bc99664648bdb","tags":null,"timeouts":null},"after_unknown":{"allocation_id":true,"arn":true,"association_id":true,"carrier_ip":true,"customer_owned_ip":true,"domain":true,"id":true,"ipam_pool_id":true,"network_border_group":true,"network_interface":true,"private_dns":true,"private_ip":true,"ptr_record":true,"public_dns":true,"public_ip":true,"public_ipv4_pool":true,"tags_all":true,"vpc":true},"before_sensitive":{"tags":{},"tags_all":{}},"after_sensitive":{"tags_all":{}}},"action_reason":"replace_because_tainted"},{"address":"aws_instance.example_a","mode":"managed","type":"aws_instance","name":"example_a","provider_name":"registry.terraform.io/hashicorp/aws","change":{"actions":["no-op"],"before":{"ami":"ami-01e3c4a339a264cc9","arn":"arn:aws:ec2:us-east-1:631737274131:instance/i-0cf6bc99664648bdb","associate_public_ip_address":true,"availability_zone":"us-east-1b","capacity_reservation_specification":[{"capacity_reservation_preference":"open","capacity_reservation_target":[]}],"cpu_core_count":1,"cpu_options":[{"amd_sev_snp":"","core_count":1,"threads_per_core":1}],"cpu_threads_per_core":1,"credit_specification":[{"cpu_credits":"standard"}],"disable_api_stop":false,"disable_api_termination":false,"ebs_block_device":[],"ebs_optimized":false,"enclave_options":[{"enabled":false}],"ephemeral_block_device":[],"get_password_data":false,"hibernation":false,"host_id":"","host_resource_group_arn":null,"iam_instance_profile":"","id":"i-0cf6bc99664648bdb","instance_initiated_shutdown_behavior":"stop","instance_lifecycle":"","instance_market_options":[],"instance_state":"running","instance_type":"t2.micro","ipv6_address_count":0,"ipv6_addresses":[],"key_name":"","launch_template":[],"maintenance_options":[{"auto_recovery":"default"}],"metadata_options":[{"http_endpoint":"enabled","http_protocol_ipv6":"disabled","http_put_response_hop_limit":1,"http_tokens":"optional","instance_metadata_tags":"disabled"}],"monitoring":false,"network_interface":[],"outpost_arn":"","password_data":"","placement_group":"","placement_partition_number":0,"primary_network_interface_id":"eni-0769228995b3acbc6","private_dns":"ip-172-31-41-178.ec2.internal","private_dns_name_options":[{"enable_resource_name_dns_a_record":false,"enable_resource_name_dns_aaaa_record":false,"hostname_type":"ip-name"}],"private_ip":"172.31.41.178","public_dns":"ec2-34-207-137-177.compute-1.amazonaws.com","public_ip":"34.207.137.177","root_block_device":[{"delete_on_termination":true,"device_name":"/dev/xvda","encrypted":false,"iops":100,"kms_key_id":"","tags":{},"tags_all":{},"throughput":0,"volume_id":"vol-032dffbd3a2325a60","volume_size":8,"volume_type":"gp2"}],"secondary_private_ips":[],"security_groups":["default"],"source_dest_check":true,"spot_instance_request_id":"","subnet_id":"subnet-06353f02ba9c31a67","tags":{},"tags_all":{},"tenancy":"default","timeouts":null,"user_data":null,"user_data_base64":null,"user_data_replace_on_change":false,"volume_tags":null,"vpc_security_group_ids":["sg-0d76fe892c5770115"]},"after":{"ami":"ami-01e3c4a339a264cc9","arn":"arn:aws:ec2:us-east-1:631737274131:instance/i-0cf6bc99664648bdb","associate_public_ip_address":true,"availability_zone":"us-east-1b","capacity_reservation_specification":[{"capacity_reservation_preference":"open","capacity_reservation_target":[]}],"cpu_core_count":1,"cpu_options":[{"amd_sev_snp":"","core_count":1,"threads_per_core":1}],"cpu_threads_per_core":1,"credit_specification":[{"cpu_credits":"standard"}],"disable_api_stop":false,"disable_api_termination":false,"ebs_block_device":[],"ebs_optimized":false,"enclave_options":[{"enabled":false}],"ephemeral_block_device":[],"get_password_data":false,"hibernation":false,"host_id":"","host_resource_group_arn":null,"iam_instance_profile":"","id":"i-0cf6bc99664648bdb","instance_initiated_shutdown_behavior":"stop","instance_lifecycle":"","instance_market_options":[],"instance_state":"running","instance_type":"t2.micro","ipv6_address_count":0,"ipv6_addresses":[],"key_name":"","launch_template":[],"maintenance_options":[{"auto_recovery":"default"}],"metadata_options":[{"http_endpoint":"enabled","http_protocol_ipv6":"disabled","http_put_response_hop_limit":1,"http_tokens":"optional","instance_metadata_tags":"disabled"}],"monitoring":false,"network_interface":[],"outpost_arn":"","password_data":"","placement_group":"","placement_partition_number":0,"primary_network_interface_id":"eni-0769228995b3acbc6","private_dns":"ip-172-31-41-178.ec2.internal","private_dns_name_options":[{"enable_resource_name_dns_a_record":false,"enable_resource_name_dns_aaaa_record":false,"hostname_type":"ip-name"}],"private_ip":"172.31.41.178","public_dns":"ec2-34-207-137-177.compute-1.amazonaws.com","public_ip":"34.207.137.177","root_block_device":[{"delete_on_termination":true,"device_name":"/dev/xvda","encrypted":false,"iops":100,"kms_key_id":"","tags":{},"tags_all":{},"throughput":0,"volume_id":"vol-032dffbd3a2325a60","volume_size":8,"volume_type":"gp2"}],"secondary_private_ips":[],"security_groups":["default"],"source_dest_check":true,"spot_instance_request_id":"","subnet_id":"subnet-06353f02ba9c31a67","tags":{},"tags_all":{},"tenancy":"default","timeouts":null,"user_data":null,"user_data_base64":null,"user_data_replace_on_change":false,"volume_tags":null,"vpc_security_group_ids":["sg-0d76fe892c5770115"]},"after_unknown":{},"before_sensitive":{"capacity_reservation_specification":[{"capacity_reservation_target":[]}],"cpu_options":[{}],"credit_specification":[{}],"ebs_block_device":[],"enclave_options":[{}],"ephemeral_block_device":[],"instance_market_options":[],"ipv6_addresses":[],"launch_template":[],"maintenance_options":[{}],"metadata_options":[{}],"network_interface":[],"private_dns_name_options":[{}],"root_block_device":[{"tags":{},"tags_all":{}}],"secondary_private_ips":[],"security_groups":[false],"tags":{},"tags_all":{},"vpc_security_group_ids":[false]},"after_sensitive":{"capacity_reservation_specification":[{"capacity_reservation_target":[]}],"cpu_options":[{}],"credit_specification":[{}],"ebs_block_device":[],"enclave_options":[{}],"ephemeral_block_device":[],"instance_market_options":[],"ipv6_addresses":[],"launch_template":[],"maintenance_options":[{}],"metadata_options":[{}],"network_interface":[],"private_dns_name_options":[{}],"root_block_device":[{"tags":{},"tags_all":{}}],"secondary_private_ips":[],"security_groups":[false],"tags":{},"tags_all":{},"vpc_security_group_ids":[false]}}},{"address":"aws_instance.example_b","mode":"managed","type":"aws_instance","name":"example_b","provider_name":"registry.terraform.io/hashicorp/aws","change":{"actions":["no-op"],"before":{"ami":"ami-01e3c4a339a264cc9","arn":"arn:aws:ec2:us-east-1:631737274131:instance/i-02c315e9c0bdbea8b","associate_public_ip_address":true,"availability_zone":"us-east-1b","capacity_reservation_specification":[{"capacity_reservation_preference":"open","capacity_reservation_target":[]}],"cpu_core_count":1,"cpu_options":[{"amd_sev_snp":"","core_count":1,"threads_per_core":1}],"cpu_threads_per_core":1,"credit_specification":[{"cpu_credits":"standard"}],"disable_api_stop":false,"disable_api_termination":false,"ebs_block_device":[],"ebs_optimized":false,"enclave_options":[{"enabled":false}],"ephemeral_block_device":[],"get_password_data":false,"hibernation":false,"host_id":"","host_resource_group_arn":null,"iam_instance_profile":"","id":"i-02c315e9c0bdbea8b","instance_initiated_shutdown_behavior":"stop","instance_lifecycle":"","instance_market_options":[],"instance_state":"running","instance_type":"t2.micro","ipv6_address_count":0,"ipv6_addresses":[],"key_name":"","launch_template":[],"maintenance_options":[{"auto_recovery":"default"}],"metadata_options":[{"http_endpoint":"enabled","http_protocol_ipv6":"disabled","http_put_response_hop_limit":1,"http_tokens":"optional","instance_metadata_tags":"disabled"}],"monitoring":false,"network_interface":[],"outpost_arn":"","password_data":"","placement_group":"","placement_partition_number":0,"primary_network_interface_id":"eni-0da607855120b3fb2","private_dns":"ip-172-31-35-159.ec2.internal","private_dns_name_options":[{"enable_resource_name_dns_a_record":false,"enable_resource_name_dns_aaaa_record":false,"hostname_type":"ip-name"}],"private_ip":"172.31.35.159","public_dns":"ec2-54-92-137-171.compute-1.amazonaws.com","public_ip":"54.92.137.171","root_block_device":[{"delete_on_termination":true,"device_name":"/dev/xvda","encrypted":false,"iops":100,"kms_key_id":"","tags":{},"tags_all":{},"throughput":0,"volume_id":"vol-0384fe9a04198fa43","volume_size":8,"volume_type":"gp2"}],"secondary_private_ips":[],"security_groups":["default"],"source_dest_check":true,"spot_instance_request_id":"","subnet_id":"subnet-06353f02ba9c31a67","tags":{},"tags_all":{},"tenancy":"default","timeouts":null,"user_data":null,"user_data_base64":null,"user_data_replace_on_change":false,"volume_tags":null,"vpc_security_group_ids":["sg-0d76fe892c5770115"]},"after":{"ami":"ami-01e3c4a339a264cc9","arn":"arn:aws:ec2:us-east-1:631737274131:instance/i-02c315e9c0bdbea8b","associate_public_ip_address":true,"availability_zone":"us-east-1b","capacity_reservation_specification":[{"capacity_reservation_preference":"open","capacity_reservation_target":[]}],"cpu_core_count":1,"cpu_options":[{"amd_sev_snp":"","core_count":1,"threads_per_core":1}],"cpu_threads_per_core":1,"credit_specification":[{"cpu_credits":"standard"}],"disable_api_stop":false,"disable_api_termination":false,"ebs_block_device":[],"ebs_optimized":false,"enclave_options":[{"enabled":false}],"ephemeral_block_device":[],"get_password_data":false,"hibernation":false,"host_id":"","host_resource_group_arn":null,"iam_instance_profile":"","id":"i-02c315e9c0bdbea8b","instance_initiated_shutdown_behavior":"stop","instance_lifecycle":"","instance_market_options":[],"instance_state":"running","instance_type":"t2.micro","ipv6_address_count":0,"ipv6_addresses":[],"key_name":"","launch_template":[],"maintenance_options":[{"auto_recovery":"default"}],"metadata_options":[{"http_endpoint":"enabled","http_protocol_ipv6":"disabled","http_put_response_hop_limit":1,"http_tokens":"optional","instance_metadata_tags":"disabled"}],"monitoring":false,"network_interface":[],"outpost_arn":"","password_data":"","placement_group":"","placement_partition_number":0,"primary_network_interface_id":"eni-0da607855120b3fb2","private_dns":"ip-172-31-35-159.ec2.internal","private_dns_name_options":[{"enable_resource_name_dns_a_record":false,"enable_resource_name_dns_aaaa_record":false,"hostname_type":"ip-name"}],"private_ip":"172.31.35.159","public_dns":"ec2-54-92-137-171.compute-1.amazonaws.com","public_ip":"54.92.137.171","root_block_device":[{"delete_on_termination":true,"device_name":"/dev/xvda","encrypted":false,"iops":100,"kms_key_id":"","tags":{},"tags_all":{},"throughput":0,"volume_id":"vol-0384fe9a04198fa43","volume_size":8,"volume_type":"gp2"}],"secondary_private_ips":[],"security_groups":["default"],"source_dest_check":true,"spot_instance_request_id":"","subnet_id":"subnet-06353f02ba9c31a67","tags":{},"tags_all":{},"tenancy":"default","timeouts":null,"user_data":null,"user_data_base64":null,"user_data_replace_on_change":false,"volume_tags":null,"vpc_security_group_ids":["sg-0d76fe892c5770115"]},"after_unknown":{},"before_sensitive":{"capacity_reservation_specification":[{"capacity_reservation_target":[]}],"cpu_options":[{}],"credit_specification":[{}],"ebs_block_device":[],"enclave_options":[{}],"ephemeral_block_device":[],"instance_market_options":[],"ipv6_addresses":[],"launch_template":[],"maintenance_options":[{}],"metadata_options":[{}],"network_interface":[],"private_dns_name_options":[{}],"root_block_device":[{"tags":{},"tags_all":{}}],"secondary_private_ips":[],"security_groups":[false],"tags":{},"tags_all":{},"vpc_security_group_ids":[false]},"after_sensitive":{"capacity_reservation_specification":[{"capacity_reservation_target":[]}],"cpu_options":[{}],"credit_specification":[{}],"ebs_block_device":[],"enclave_options":[{}],"ephemeral_block_device":[],"instance_market_options":[],"ipv6_addresses":[],"launch_template":[],"maintenance_options":[{}],"metadata_options":[{}],"network_interface":[],"private_dns_name_options":[{}],"root_block_device":[{"tags":{},"tags_all":{}}],"secondary_private_ips":[],"security_groups":[false],"tags":{},"tags_all":{},"vpc_security_group_ids":[false]}}}],"output_changes":{"ec2_elastic_ip":{"actions":["no-op"],"before":null,"after":null,"after_unknown":false,"before_sensitive":false,"after_sensitive":false}},"prior_state":{"format_version":"1.0","terraform_version":"1.9.6","values":{"root_module":{"resources":[{"address":"data.aws_ami.amazon_linux","mode":"data","type":"aws_ami","name":"amazon_linux","provider_name":"registry.terraform.io/hashicorp/aws","schema_version":0,"values":{"architecture":"x86_64","arn":"arn:aws:ec2:us-east-1::image/ami-01e3c4a339a264cc9","block_device_mappings":[{"device_name":"/dev/xvda","ebs":{"delete_on_termination":"true","encrypted":"false","iops":"0","snapshot_id":"snap-0ac4a546f96ede3c2","throughput":"0","volume_size":"8","volume_type":"gp2"},"no_device":"","virtual_name":""}],"boot_mode":"","creation_date":"2024-10-14T21:50:55.000Z","deprecation_time":"2025-07-01T00:00:00.000Z","description":"Amazon Linux 2 AMI 2.0.20241014.0 x86_64 HVM gp2","ena_support":true,"executable_users":null,"filter":[{"name":"name","values":["amzn2-ami-hvm-*-x86_64-gp2"]}],"hypervisor":"xen","id":"ami-01e3c4a339a264cc9","image_id":"ami-01e3c4a339a264cc9","image_location":"amazon/amzn2-ami-hvm-2.0.20241014.0-x86_64-gp2","image_owner_alias":"amazon","image_type":"machine","imds_support":"","include_deprecated":false,"kernel_id":"","most_recent":true,"name":"amzn2-ami-hvm-2.0.20241014.0-x86_64-gp2","name_regex":null,"owner_id":"137112412989","owners":["amazon"],"platform":"","platform_details":"Linux/UNIX","product_codes":[],"public":true,"ramdisk_id":"","root_device_name":"/dev/xvda","root_device_type":"ebs","root_snapshot_id":"snap-0ac4a546f96ede3c2","sriov_net_support":"simple","state":"available","state_reason":{"code":"UNSET","message":"UNSET"},"tags":{},"timeouts":null,"tpm_support":"","usage_operation":"RunInstances","virtualization_type":"hvm"},"sensitive_values":{"block_device_mappings":[{"ebs":{}}],"filter":[{"values":[false]}],"owners":[false],"product_codes":[],"state_reason":{},"tags":{}}},{"address":"aws_eip.ip","mode":"managed","type":"aws_eip","name":"ip","provider_name":"registry.terraform.io/hashicorp/aws","schema_version":0,"values":{"address":null,"allocation_id":"eipalloc-0b0b5d2398bc45125","arn":"arn:aws:ec2:us-east-1:631737274131:elastic-ip/eipalloc-0b0b5d2398bc45125","associate_with_private_ip":"true","association_id":"","carrier_ip":"","customer_owned_ip":"","customer_owned_ipv4_pool":"","domain":"vpc","id":"eipalloc-0b0b5d2398bc45125","instance":"","ipam_pool_id":null,"network_border_group":"us-east-1","network_interface":"","private_dns":null,"private_ip":"","ptr_record":"","public_dns":"ec2-52-4-16-250.compute-1.amazonaws.com","public_ip":"52.4.16.250","public_ipv4_pool":"amazon","tags":{},"tags_all":{},"timeouts":null,"vpc":true},"sensitive_values":{"tags":{},"tags_all":{}},"depends_on":["aws_instance.example_a","data.aws_ami.amazon_linux"],"tainted":true},{"address":"aws_instance.example_a","mode":"managed","type":"aws_instance","name":"example_a","provider_name":"registry.terraform.io/hashicorp/aws","schema_version":1,"values":{"ami":"ami-01e3c4a339a264cc9","arn":"arn:aws:ec2:us-east-1:631737274131:instance/i-0cf6bc99664648bdb","associate_public_ip_address":true,"availability_zone":"us-east-1b","capacity_reservation_specification":[{"capacity_reservation_preference":"open","capacity_reservation_target":[]}],"cpu_core_count":1,"cpu_options":[{"amd_sev_snp":"","core_count":1,"threads_per_core":1}],"cpu_threads_per_core":1,"credit_specification":[{"cpu_credits":"standard"}],"disable_api_stop":false,"disable_api_termination":false,"ebs_block_device":[],"ebs_optimized":false,"enclave_options":[{"enabled":false}],"ephemeral_block_device":[],"get_password_data":false,"hibernation":false,"host_id":"","host_resource_group_arn":null,"iam_instance_profile":"","id":"i-0cf6bc99664648bdb","instance_initiated_shutdown_behavior":"stop","instance_lifecycle":"","instance_market_options":[],"instance_state":"running","instance_type":"t2.micro","ipv6_address_count":0,"ipv6_addresses":[],"key_name":"","launch_template":[],"maintenance_options":[{"auto_recovery":"default"}],"metadata_options":[{"http_endpoint":"enabled","http_protocol_ipv6":"disabled","http_put_response_hop_limit":1,"http_tokens":"optional","instance_metadata_tags":"disabled"}],"monitoring":false,"network_interface":[],"outpost_arn":"","password_data":"","placement_group":"","placement_partition_number":0,"primary_network_interface_id":"eni-0769228995b3acbc6","private_dns":"ip-172-31-41-178.ec2.internal","private_dns_name_options":[{"enable_resource_name_dns_a_record":false,"enable_resource_name_dns_aaaa_record":false,"hostname_type":"ip-name"}],"private_ip":"172.31.41.178","public_dns":"ec2-34-207-137-177.compute-1.amazonaws.com","public_ip":"34.207.137.177","root_block_device":[{"delete_on_termination":true,"device_name":"/dev/xvda","encrypted":false,"iops":100,"kms_key_id":"","tags":{},"tags_all":{},"throughput":0,"volume_id":"vol-032dffbd3a2325a60","volume_size":8,"volume_type":"gp2"}],"secondary_private_ips":[],"security_groups":["default"],"source_dest_check":true,"spot_instance_request_id":"","subnet_id":"subnet-06353f02ba9c31a67","tags":{},"tags_all":{},"tenancy":"default","timeouts":null,"user_data":null,"user_data_base64":null,"user_data_replace_on_change":false,"volume_tags":null,"vpc_security_group_ids":["sg-0d76fe892c5770115"]},"sensitive_values":{"capacity_reservation_specification":[{"capacity_reservation_target":[]}],"cpu_options":[{}],"credit_specification":[{}],"ebs_block_device":[],"enclave_options":[{}],"ephemeral_block_device":[],"instance_market_options":[],"ipv6_addresses":[],"launch_template":[],"maintenance_options":[{}],"metadata_options":[{}],"network_interface":[],"private_dns_name_options":[{}],"root_block_device":[{"tags":{},"tags_all":{}}],"secondary_private_ips":[],"security_groups":[false],"tags":{},"tags_all":{},"vpc_security_group_ids":[false]},"depends_on":["data.aws_ami.amazon_linux"]},{"address":"aws_instance.example_b","mode":"managed","type":"aws_instance","name":"example_b","provider_name":"registry.terraform.io/hashicorp/aws","schema_version":1,"values":{"ami":"ami-01e3c4a339a264cc9","arn":"arn:aws:ec2:us-east-1:631737274131:instance/i-02c315e9c0bdbea8b","associate_public_ip_address":true,"availability_zone":"us-east-1b","capacity_reservation_specification":[{"capacity_reservation_preference":"open","capacity_reservation_target":[]}],"cpu_core_count":1,"cpu_options":[{"amd_sev_snp":"","core_count":1,"threads_per_core":1}],"cpu_threads_per_core":1,"credit_specification":[{"cpu_credits":"standard"}],"disable_api_stop":false,"disable_api_termination":false,"ebs_block_device":[],"ebs_optimized":false,"enclave_options":[{"enabled":false}],"ephemeral_block_device":[],"get_password_data":false,"hibernation":false,"host_id":"","host_resource_group_arn":null,"iam_instance_profile":"","id":"i-02c315e9c0bdbea8b","instance_initiated_shutdown_behavior":"stop","instance_lifecycle":"","instance_market_options":[],"instance_state":"running","instance_type":"t2.micro","ipv6_address_count":0,"ipv6_addresses":[],"key_name":"","launch_template":[],"maintenance_options":[{"auto_recovery":"default"}],"metadata_options":[{"http_endpoint":"enabled","http_protocol_ipv6":"disabled","http_put_response_hop_limit":1,"http_tokens":"optional","instance_metadata_tags":"disabled"}],"monitoring":false,"network_interface":[],"outpost_arn":"","password_data":"","placement_group":"","placement_partition_number":0,"primary_network_interface_id":"eni-0da607855120b3fb2","private_dns":"ip-172-31-35-159.ec2.internal","private_dns_name_options":[{"enable_resource_name_dns_a_record":false,"enable_resource_name_dns_aaaa_record":false,"hostname_type":"ip-name"}],"private_ip":"172.31.35.159","public_dns":"ec2-54-92-137-171.compute-1.amazonaws.com","public_ip":"54.92.137.171","root_block_device":[{"delete_on_termination":true,"device_name":"/dev/xvda","encrypted":false,"iops":100,"kms_key_id":"","tags":{},"tags_all":{},"throughput":0,"volume_id":"vol-0384fe9a04198fa43","volume_size":8,"volume_type":"gp2"}],"secondary_private_ips":[],"security_groups":["default"],"source_dest_check":true,"spot_instance_request_id":"","subnet_id":"subnet-06353f02ba9c31a67","tags":{},"tags_all":{},"tenancy":"default","timeouts":null,"user_data":null,"user_data_base64":null,"user_data_replace_on_change":false,"volume_tags":null,"vpc_security_group_ids":["sg-0d76fe892c5770115"]},"sensitive_values":{"capacity_reservation_specification":[{"capacity_reservation_target":[]}],"cpu_options":[{}],"credit_specification":[{}],"ebs_block_device":[],"enclave_options":[{}],"ephemeral_block_device":[],"instance_market_options":[],"ipv6_addresses":[],"launch_template":[],"maintenance_options":[{}],"metadata_options":[{}],"network_interface":[],"private_dns_name_options":[{}],"root_block_device":[{"tags":{},"tags_all":{}}],"secondary_private_ips":[],"security_groups":[false],"tags":{},"tags_all":{},"vpc_security_group_ids":[false]},"depends_on":["data.aws_ami.amazon_linux"]}]}}},"configuration":{"provider_config":{"aws":{"name":"aws","full_name":"registry.terraform.io/hashicorp/aws","version_constraint":"\u003e= 5.71.0","expressions":{"region":{"references":["var.aws_region"]}}}},"root_module":{"outputs":{"ec2_elastic_ip":{"expression":{"references":["aws_eip.ip.address","aws_eip.ip"]},"description":"Elastic IP address for EC2 instance."}},"resources":[{"address":"aws_eip.ip","mode":"managed","type":"aws_eip","name":"ip","provider_config_key":"aws","expressions":{"instance":{"references":["aws_instance.example_a.id","aws_instance.example_a"]}},"schema_version":0},{"address":"aws_instance.example_a","mode":"managed","type":"aws_instance","name":"example_a","provider_config_key":"aws","expressions":{"ami":{"references":["data.aws_ami.amazon_linux.id","data.aws_ami.amazon_linux"]},"instance_type":{"constant_value":"t2.micro"}},"schema_version":1},{"address":"aws_instance.example_b","mode":"managed","type":"aws_instance","name":"example_b","provider_config_key":"aws","expressions":{"ami":{"references":["data.aws_ami.amazon_linux.id","data.aws_ami.amazon_linux"]},"instance_type":{"constant_value":"t2.micro"}},"schema_version":1},{"address":"data.aws_ami.amazon_linux","mode":"data","type":"aws_ami","name":"amazon_linux","provider_config_key":"aws","expressions":{"filter":[{"name":{"constant_value":"name"},"values":{"constant_value":["amzn2-ami-hvm-*-x86_64-gp2"]}}],"most_recent":{"constant_value":true},"owners":{"constant_value":["amazon"]}},"schema_version":0}],"variables":{"aws_region":{"default":"us-east-1","description":"AWS region for all resources."}}}},"relevant_attributes":[{"resource":"aws_instance.example_a","attribute":["id"]}],"timestamp":"2024-10-19T11:15:47Z","applyable":true,"complete":true,"errored":false}

